// !$*UTF8*$!
{
	archiveVersion = 1;
	classes = {
	};
	objectVersion = 52;
	objects = {

/* Begin PBXBuildFile section */
		A20F0E0C245821B70067CE60 /* FoundationExtensions in Frameworks */ = {isa = PBXBuildFile; productRef = A20F0E0B245821B70067CE60 /* FoundationExtensions */; };
		A20F0E0E245868D30067CE60 /* TimerView.swift in Sources */ = {isa = PBXBuildFile; fileRef = A20F0E0D245868D30067CE60 /* TimerView.swift */; };
		A2234E47249E21FE00711D4A /* AnalyticsView.swift in Sources */ = {isa = PBXBuildFile; fileRef = A2234E46249E21FE00711D4A /* AnalyticsView.swift */; };
		A2234E49249E287A00711D4A /* WeeklyBarChart.swift in Sources */ = {isa = PBXBuildFile; fileRef = A2234E48249E287A00711D4A /* WeeklyBarChart.swift */; };
		A2234E4C249E295A00711D4A /* BarView.swift in Sources */ = {isa = PBXBuildFile; fileRef = A2234E4B249E295A00711D4A /* BarView.swift */; };
		A2234E4E249E381000711D4A /* MonthlyBarChart.swift in Sources */ = {isa = PBXBuildFile; fileRef = A2234E4D249E381000711D4A /* MonthlyBarChart.swift */; };
		A2635B1B249E617D005EA26B /* Animation+extension.swift in Sources */ = {isa = PBXBuildFile; fileRef = A2635B1A249E617D005EA26B /* Animation+extension.swift */; };
		A27EAF70249E668A00AF59EE /* Transition+extension.swift in Sources */ = {isa = PBXBuildFile; fileRef = A27EAF6F249E668A00AF59EE /* Transition+extension.swift */; };
		A29D0ACE2459A1AA004E5819 /* ConfigureSessionView.swift in Sources */ = {isa = PBXBuildFile; fileRef = A29D0ACD2459A1AA004E5819 /* ConfigureSessionView.swift */; };
		A29D0AE02459A92E004E5819 /* ManagedObjectContext.swift in Sources */ = {isa = PBXBuildFile; fileRef = A29D0ADF2459A92E004E5819 /* ManagedObjectContext.swift */; };
		A29D0AE52459AC3B004E5819 /* Session+CoreDataClass.swift in Sources */ = {isa = PBXBuildFile; fileRef = A29D0AE12459AC3B004E5819 /* Session+CoreDataClass.swift */; };
		A29D0AE62459AC3B004E5819 /* Session+CoreDataProperties.swift in Sources */ = {isa = PBXBuildFile; fileRef = A29D0AE22459AC3B004E5819 /* Session+CoreDataProperties.swift */; };
		A29D0AE72459AC3B004E5819 /* Category+CoreDataClass.swift in Sources */ = {isa = PBXBuildFile; fileRef = A29D0AE32459AC3B004E5819 /* Category+CoreDataClass.swift */; };
		A29D0AE82459AC3B004E5819 /* Category+CoreDataProperties.swift in Sources */ = {isa = PBXBuildFile; fileRef = A29D0AE42459AC3B004E5819 /* Category+CoreDataProperties.swift */; };
		A2ADAA8E24572D7C00C7EAC1 /* PrepareSessionView.swift in Sources */ = {isa = PBXBuildFile; fileRef = A2ADAA8D24572D7C00C7EAC1 /* PrepareSessionView.swift */; };
		A2ADAA93245739E000C7EAC1 /* DurationPickerView.swift in Sources */ = {isa = PBXBuildFile; fileRef = A2ADAA92245739E000C7EAC1 /* DurationPickerView.swift */; };
		A2ADAA9524573B7700C7EAC1 /* SetDurationView.swift in Sources */ = {isa = PBXBuildFile; fileRef = A2ADAA9424573B7700C7EAC1 /* SetDurationView.swift */; };
		A2ADAA9724573C7A00C7EAC1 /* ChooseCategoryView.swift in Sources */ = {isa = PBXBuildFile; fileRef = A2ADAA9624573C7A00C7EAC1 /* ChooseCategoryView.swift */; };
		A2ADAA9924574A8900C7EAC1 /* AddCategoryView.swift in Sources */ = {isa = PBXBuildFile; fileRef = A2ADAA9824574A8900C7EAC1 /* AddCategoryView.swift */; };
		A2ADAA9B245750EE00C7EAC1 /* OpenEndedTimerView.swift in Sources */ = {isa = PBXBuildFile; fileRef = A2ADAA9A245750EE00C7EAC1 /* OpenEndedTimerView.swift */; };
		A2ADAA9D245764FA00C7EAC1 /* SessionOverviewView.swift in Sources */ = {isa = PBXBuildFile; fileRef = A2ADAA9C245764FA00C7EAC1 /* SessionOverviewView.swift */; };
		A2ADAAA12457692800C7EAC1 /* EditSessionView.swift in Sources */ = {isa = PBXBuildFile; fileRef = A2ADAAA02457692800C7EAC1 /* EditSessionView.swift */; };
		A2ADAAA324576F8A00C7EAC1 /* AddSessionView.swift in Sources */ = {isa = PBXBuildFile; fileRef = A2ADAAA224576F8A00C7EAC1 /* AddSessionView.swift */; };
		A2E1F0722458A86300DE313D /* DeepWorkTracker.xcdatamodeld in Sources */ = {isa = PBXBuildFile; fileRef = A2E1F0702458A86300DE313D /* DeepWorkTracker.xcdatamodeld */; };
		A2F9B8002444805300E4F116 /* AppDelegate.swift in Sources */ = {isa = PBXBuildFile; fileRef = A2F9B7FF2444805300E4F116 /* AppDelegate.swift */; };
		A2F9B8022444805300E4F116 /* SceneDelegate.swift in Sources */ = {isa = PBXBuildFile; fileRef = A2F9B8012444805300E4F116 /* SceneDelegate.swift */; };
		A2F9B8042444805300E4F116 /* ContentView.swift in Sources */ = {isa = PBXBuildFile; fileRef = A2F9B8032444805300E4F116 /* ContentView.swift */; };
		A2F9B8062444805500E4F116 /* Assets.xcassets in Resources */ = {isa = PBXBuildFile; fileRef = A2F9B8052444805500E4F116 /* Assets.xcassets */; };
		A2F9B8092444805500E4F116 /* Preview Assets.xcassets in Resources */ = {isa = PBXBuildFile; fileRef = A2F9B8082444805500E4F116 /* Preview Assets.xcassets */; };
		A2F9B80C2444805500E4F116 /* LaunchScreen.storyboard in Resources */ = {isa = PBXBuildFile; fileRef = A2F9B80A2444805500E4F116 /* LaunchScreen.storyboard */; };
/* End PBXBuildFile section */

/* Begin PBXFileReference section */
		A20F0E09245820FC0067CE60 /* FoundationExtensions */ = {isa = PBXFileReference; lastKnownFileType = folder; path = FoundationExtensions; sourceTree = "<group>"; };
		A20F0E0D245868D30067CE60 /* TimerView.swift */ = {isa = PBXFileReference; lastKnownFileType = sourcecode.swift; path = TimerView.swift; sourceTree = "<group>"; };
		A2234E46249E21FE00711D4A /* AnalyticsView.swift */ = {isa = PBXFileReference; lastKnownFileType = sourcecode.swift; path = AnalyticsView.swift; sourceTree = "<group>"; };
		A2234E48249E287A00711D4A /* WeeklyBarChart.swift */ = {isa = PBXFileReference; lastKnownFileType = sourcecode.swift; path = WeeklyBarChart.swift; sourceTree = "<group>"; };
		A2234E4B249E295A00711D4A /* BarView.swift */ = {isa = PBXFileReference; lastKnownFileType = sourcecode.swift; path = BarView.swift; sourceTree = "<group>"; };
		A2234E4D249E381000711D4A /* MonthlyBarChart.swift */ = {isa = PBXFileReference; lastKnownFileType = sourcecode.swift; path = MonthlyBarChart.swift; sourceTree = "<group>"; };
		A2635B1A249E617D005EA26B /* Animation+extension.swift */ = {isa = PBXFileReference; lastKnownFileType = sourcecode.swift; path = "Animation+extension.swift"; sourceTree = "<group>"; };
		A27EAF6F249E668A00AF59EE /* Transition+extension.swift */ = {isa = PBXFileReference; lastKnownFileType = sourcecode.swift; path = "Transition+extension.swift"; sourceTree = "<group>"; };
		A29D0ACD2459A1AA004E5819 /* ConfigureSessionView.swift */ = {isa = PBXFileReference; lastKnownFileType = sourcecode.swift; path = ConfigureSessionView.swift; sourceTree = "<group>"; };
		A29D0ADF2459A92E004E5819 /* ManagedObjectContext.swift */ = {isa = PBXFileReference; lastKnownFileType = sourcecode.swift; path = ManagedObjectContext.swift; sourceTree = "<group>"; };
		A29D0AE12459AC3B004E5819 /* Session+CoreDataClass.swift */ = {isa = PBXFileReference; lastKnownFileType = sourcecode.swift; path = "Session+CoreDataClass.swift"; sourceTree = "<group>"; };
		A29D0AE22459AC3B004E5819 /* Session+CoreDataProperties.swift */ = {isa = PBXFileReference; lastKnownFileType = sourcecode.swift; path = "Session+CoreDataProperties.swift"; sourceTree = "<group>"; };
		A29D0AE32459AC3B004E5819 /* Category+CoreDataClass.swift */ = {isa = PBXFileReference; lastKnownFileType = sourcecode.swift; path = "Category+CoreDataClass.swift"; sourceTree = "<group>"; };
		A29D0AE42459AC3B004E5819 /* Category+CoreDataProperties.swift */ = {isa = PBXFileReference; lastKnownFileType = sourcecode.swift; path = "Category+CoreDataProperties.swift"; sourceTree = "<group>"; };
		A2ADAA8D24572D7C00C7EAC1 /* PrepareSessionView.swift */ = {isa = PBXFileReference; lastKnownFileType = sourcecode.swift; path = PrepareSessionView.swift; sourceTree = "<group>"; };
		A2ADAA92245739E000C7EAC1 /* DurationPickerView.swift */ = {isa = PBXFileReference; lastKnownFileType = sourcecode.swift; path = DurationPickerView.swift; sourceTree = "<group>"; };
		A2ADAA9424573B7700C7EAC1 /* SetDurationView.swift */ = {isa = PBXFileReference; lastKnownFileType = sourcecode.swift; path = SetDurationView.swift; sourceTree = "<group>"; };
		A2ADAA9624573C7A00C7EAC1 /* ChooseCategoryView.swift */ = {isa = PBXFileReference; lastKnownFileType = sourcecode.swift; path = ChooseCategoryView.swift; sourceTree = "<group>"; };
		A2ADAA9824574A8900C7EAC1 /* AddCategoryView.swift */ = {isa = PBXFileReference; lastKnownFileType = sourcecode.swift; path = AddCategoryView.swift; sourceTree = "<group>"; };
		A2ADAA9A245750EE00C7EAC1 /* OpenEndedTimerView.swift */ = {isa = PBXFileReference; lastKnownFileType = sourcecode.swift; path = OpenEndedTimerView.swift; sourceTree = "<group>"; };
		A2ADAA9C245764FA00C7EAC1 /* SessionOverviewView.swift */ = {isa = PBXFileReference; lastKnownFileType = sourcecode.swift; path = SessionOverviewView.swift; sourceTree = "<group>"; };
		A2ADAAA02457692800C7EAC1 /* EditSessionView.swift */ = {isa = PBXFileReference; lastKnownFileType = sourcecode.swift; path = EditSessionView.swift; sourceTree = "<group>"; };
		A2ADAAA224576F8A00C7EAC1 /* AddSessionView.swift */ = {isa = PBXFileReference; lastKnownFileType = sourcecode.swift; path = AddSessionView.swift; sourceTree = "<group>"; };
		A2E1F0712458A86300DE313D /* DeepWorkTracker.xcdatamodel */ = {isa = PBXFileReference; lastKnownFileType = wrapper.xcdatamodel; path = DeepWorkTracker.xcdatamodel; sourceTree = "<group>"; };
		A2F9B7FC2444805300E4F116 /* DeepWorkTracker.app */ = {isa = PBXFileReference; explicitFileType = wrapper.application; includeInIndex = 0; path = DeepWorkTracker.app; sourceTree = BUILT_PRODUCTS_DIR; };
		A2F9B7FF2444805300E4F116 /* AppDelegate.swift */ = {isa = PBXFileReference; lastKnownFileType = sourcecode.swift; path = AppDelegate.swift; sourceTree = "<group>"; };
		A2F9B8012444805300E4F116 /* SceneDelegate.swift */ = {isa = PBXFileReference; lastKnownFileType = sourcecode.swift; path = SceneDelegate.swift; sourceTree = "<group>"; };
		A2F9B8032444805300E4F116 /* ContentView.swift */ = {isa = PBXFileReference; lastKnownFileType = sourcecode.swift; path = ContentView.swift; sourceTree = "<group>"; };
		A2F9B8052444805500E4F116 /* Assets.xcassets */ = {isa = PBXFileReference; lastKnownFileType = folder.assetcatalog; path = Assets.xcassets; sourceTree = "<group>"; };
		A2F9B8082444805500E4F116 /* Preview Assets.xcassets */ = {isa = PBXFileReference; lastKnownFileType = folder.assetcatalog; path = "Preview Assets.xcassets"; sourceTree = "<group>"; };
		A2F9B80B2444805500E4F116 /* Base */ = {isa = PBXFileReference; lastKnownFileType = file.storyboard; name = Base; path = Base.lproj/LaunchScreen.storyboard; sourceTree = "<group>"; };
		A2F9B80D2444805500E4F116 /* Info.plist */ = {isa = PBXFileReference; lastKnownFileType = text.plist.xml; path = Info.plist; sourceTree = "<group>"; };
/* End PBXFileReference section */

/* Begin PBXFrameworksBuildPhase section */
		A2F9B7F92444805300E4F116 /* Frameworks */ = {
			isa = PBXFrameworksBuildPhase;
			buildActionMask = 2147483647;
			files = (
				A20F0E0C245821B70067CE60 /* FoundationExtensions in Frameworks */,
			);
			runOnlyForDeploymentPostprocessing = 0;
		};
/* End PBXFrameworksBuildPhase section */

/* Begin PBXGroup section */
		A20F0E0A245821B70067CE60 /* Frameworks */ = {
			isa = PBXGroup;
			children = (
			);
			name = Frameworks;
			sourceTree = "<group>";
		};
		A20F0E0F245869520067CE60 /* Timer */ = {
			isa = PBXGroup;
			children = (
				A2ADAA8D24572D7C00C7EAC1 /* PrepareSessionView.swift */,
				A2ADAA9A245750EE00C7EAC1 /* OpenEndedTimerView.swift */,
				A20F0E0D245868D30067CE60 /* TimerView.swift */,
			);
			path = Timer;
			sourceTree = "<group>";
		};
		A20F0E1024586A5B0067CE60 /* Session */ = {
			isa = PBXGroup;
			children = (
				A2ADAA9C245764FA00C7EAC1 /* SessionOverviewView.swift */,
				A2ADAAA02457692800C7EAC1 /* EditSessionView.swift */,
				A2ADAAA224576F8A00C7EAC1 /* AddSessionView.swift */,
				A29D0ACD2459A1AA004E5819 /* ConfigureSessionView.swift */,
			);
			path = Session;
			sourceTree = "<group>";
		};
		A20F0E1124586A6A0067CE60 /* Category */ = {
			isa = PBXGroup;
			children = (
				A2ADAA9624573C7A00C7EAC1 /* ChooseCategoryView.swift */,
				A2ADAA9824574A8900C7EAC1 /* AddCategoryView.swift */,
			);
			path = Category;
			sourceTree = "<group>";
		};
		A20F0E1224586A760067CE60 /* Duration */ = {
			isa = PBXGroup;
			children = (
				A2ADAA92245739E000C7EAC1 /* DurationPickerView.swift */,
				A2ADAA9424573B7700C7EAC1 /* SetDurationView.swift */,
			);
			path = Duration;
			sourceTree = "<group>";
		};
		A2234E4A249E294500711D4A /* Analytics */ = {
			isa = PBXGroup;
			children = (
				A2234E46249E21FE00711D4A /* AnalyticsView.swift */,
				A2234E48249E287A00711D4A /* WeeklyBarChart.swift */,
				A2234E4D249E381000711D4A /* MonthlyBarChart.swift */,
				A2234E4B249E295A00711D4A /* BarView.swift */,
			);
			path = Analytics;
			sourceTree = "<group>";
		};
		A2635B19249E616E005EA26B /* Extensions */ = {
			isa = PBXGroup;
			children = (
				A2635B1A249E617D005EA26B /* Animation+extension.swift */,
				A27EAF6F249E668A00AF59EE /* Transition+extension.swift */,
			);
			path = Extensions;
			sourceTree = "<group>";
		};
		A2ADAA8F2457357100C7EAC1 /* View */ = {
			isa = PBXGroup;
			children = (
				A2635B19249E616E005EA26B /* Extensions */,
				A2F9B8032444805300E4F116 /* ContentView.swift */,
				A20F0E0F245869520067CE60 /* Timer */,
				A20F0E1224586A760067CE60 /* Duration */,
				A20F0E1124586A6A0067CE60 /* Category */,
				A20F0E1024586A5B0067CE60 /* Session */,
				A2234E4A249E294500711D4A /* Analytics */,
			);
			path = View;
			sourceTree = "<group>";
		};
		A2E1F0732458A86900DE313D /* CoreData */ = {
			isa = PBXGroup;
			children = (
				A29D0AE12459AC3B004E5819 /* Session+CoreDataClass.swift */,
				A29D0AE22459AC3B004E5819 /* Session+CoreDataProperties.swift */,
				A29D0AE32459AC3B004E5819 /* Category+CoreDataClass.swift */,
				A29D0AE42459AC3B004E5819 /* Category+CoreDataProperties.swift */,
				A2E1F0702458A86300DE313D /* DeepWorkTracker.xcdatamodeld */,
				A29D0ADF2459A92E004E5819 /* ManagedObjectContext.swift */,
			);
			path = CoreData;
			sourceTree = "<group>";
		};
		A2F9B7F32444805300E4F116 = {
			isa = PBXGroup;
			children = (
				A20F0E09245820FC0067CE60 /* FoundationExtensions */,
				A2F9B7FE2444805300E4F116 /* DeepWorkTracker */,
				A2F9B7FD2444805300E4F116 /* Products */,
				A20F0E0A245821B70067CE60 /* Frameworks */,
			);
			sourceTree = "<group>";
		};
		A2F9B7FD2444805300E4F116 /* Products */ = {
			isa = PBXGroup;
			children = (
				A2F9B7FC2444805300E4F116 /* DeepWorkTracker.app */,
			);
			name = Products;
			sourceTree = "<group>";
		};
		A2F9B7FE2444805300E4F116 /* DeepWorkTracker */ = {
			isa = PBXGroup;
			children = (
				A2F9B7FF2444805300E4F116 /* AppDelegate.swift */,
				A2F9B8012444805300E4F116 /* SceneDelegate.swift */,
				A2ADAA8F2457357100C7EAC1 /* View */,
				A2F9B8052444805500E4F116 /* Assets.xcassets */,
				A2F9B80A2444805500E4F116 /* LaunchScreen.storyboard */,
				A2F9B80D2444805500E4F116 /* Info.plist */,
				A2F9B8072444805500E4F116 /* Preview Content */,
				A2E1F0732458A86900DE313D /* CoreData */,
			);
			path = DeepWorkTracker;
			sourceTree = "<group>";
		};
		A2F9B8072444805500E4F116 /* Preview Content */ = {
			isa = PBXGroup;
			children = (
				A2F9B8082444805500E4F116 /* Preview Assets.xcassets */,
			);
			path = "Preview Content";
			sourceTree = "<group>";
		};
/* End PBXGroup section */

/* Begin PBXNativeTarget section */
		A2F9B7FB2444805300E4F116 /* DeepWorkTracker */ = {
			isa = PBXNativeTarget;
			buildConfigurationList = A2F9B8102444805500E4F116 /* Build configuration list for PBXNativeTarget "DeepWorkTracker" */;
			buildPhases = (
				A2F9B7F82444805300E4F116 /* Sources */,
				A2F9B7F92444805300E4F116 /* Frameworks */,
				A2F9B7FA2444805300E4F116 /* Resources */,
			);
			buildRules = (
			);
			dependencies = (
			);
			name = DeepWorkTracker;
			packageProductDependencies = (
				A20F0E0B245821B70067CE60 /* FoundationExtensions */,
			);
			productName = DeepWorkTracker;
			productReference = A2F9B7FC2444805300E4F116 /* DeepWorkTracker.app */;
			productType = "com.apple.product-type.application";
		};
/* End PBXNativeTarget section */

/* Begin PBXProject section */
		A2F9B7F42444805300E4F116 /* Project object */ = {
			isa = PBXProject;
			attributes = {
				LastSwiftUpdateCheck = 1140;
				LastUpgradeCheck = 1140;
				ORGANIZATIONNAME = "Philip Krück";
				TargetAttributes = {
					A2F9B7FB2444805300E4F116 = {
						CreatedOnToolsVersion = 11.4;
					};
				};
			};
			buildConfigurationList = A2F9B7F72444805300E4F116 /* Build configuration list for PBXProject "DeepWorkTracker" */;
			compatibilityVersion = "Xcode 9.3";
			developmentRegion = en;
			hasScannedForEncodings = 0;
			knownRegions = (
				en,
				Base,
			);
			mainGroup = A2F9B7F32444805300E4F116;
			productRefGroup = A2F9B7FD2444805300E4F116 /* Products */;
			projectDirPath = "";
			projectRoot = "";
			targets = (
				A2F9B7FB2444805300E4F116 /* DeepWorkTracker */,
			);
		};
/* End PBXProject section */

/* Begin PBXResourcesBuildPhase section */
		A2F9B7FA2444805300E4F116 /* Resources */ = {
			isa = PBXResourcesBuildPhase;
			buildActionMask = 2147483647;
			files = (
				A2F9B80C2444805500E4F116 /* LaunchScreen.storyboard in Resources */,
				A2F9B8092444805500E4F116 /* Preview Assets.xcassets in Resources */,
				A2F9B8062444805500E4F116 /* Assets.xcassets in Resources */,
			);
			runOnlyForDeploymentPostprocessing = 0;
		};
/* End PBXResourcesBuildPhase section */

/* Begin PBXSourcesBuildPhase section */
		A2F9B7F82444805300E4F116 /* Sources */ = {
			isa = PBXSourcesBuildPhase;
			buildActionMask = 2147483647;
			files = (
				A2234E4C249E295A00711D4A /* BarView.swift in Sources */,
				A29D0AE62459AC3B004E5819 /* Session+CoreDataProperties.swift in Sources */,
				A2234E49249E287A00711D4A /* WeeklyBarChart.swift in Sources */,
				A2ADAA9B245750EE00C7EAC1 /* OpenEndedTimerView.swift in Sources */,
				A2F9B8002444805300E4F116 /* AppDelegate.swift in Sources */,
				A2ADAA9724573C7A00C7EAC1 /* ChooseCategoryView.swift in Sources */,
				A2ADAA9924574A8900C7EAC1 /* AddCategoryView.swift in Sources */,
				A2234E47249E21FE00711D4A /* AnalyticsView.swift in Sources */,
				A29D0AE72459AC3B004E5819 /* Category+CoreDataClass.swift in Sources */,
				A2635B1B249E617D005EA26B /* Animation+extension.swift in Sources */,
				A27EAF70249E668A00AF59EE /* Transition+extension.swift in Sources */,
				A2ADAAA12457692800C7EAC1 /* EditSessionView.swift in Sources */,
				A29D0AE82459AC3B004E5819 /* Category+CoreDataProperties.swift in Sources */,
				A2E1F0722458A86300DE313D /* DeepWorkTracker.xcdatamodeld in Sources */,
				A29D0ACE2459A1AA004E5819 /* ConfigureSessionView.swift in Sources */,
				A20F0E0E245868D30067CE60 /* TimerView.swift in Sources */,
				A2ADAA8E24572D7C00C7EAC1 /* PrepareSessionView.swift in Sources */,
				A2F9B8022444805300E4F116 /* SceneDelegate.swift in Sources */,
				A2ADAAA324576F8A00C7EAC1 /* AddSessionView.swift in Sources */,
				A2ADAA9524573B7700C7EAC1 /* SetDurationView.swift in Sources */,
				A2234E4E249E381000711D4A /* MonthlyBarChart.swift in Sources */,
				A2F9B8042444805300E4F116 /* ContentView.swift in Sources */,
				A29D0AE52459AC3B004E5819 /* Session+CoreDataClass.swift in Sources */,
				A2ADAA9D245764FA00C7EAC1 /* SessionOverviewView.swift in Sources */,
				A29D0AE02459A92E004E5819 /* ManagedObjectContext.swift in Sources */,
				A2ADAA93245739E000C7EAC1 /* DurationPickerView.swift in Sources */,
			);
			runOnlyForDeploymentPostprocessing = 0;
		};
/* End PBXSourcesBuildPhase section */

/* Begin PBXVariantGroup section */
		A2F9B80A2444805500E4F116 /* LaunchScreen.storyboard */ = {
			isa = PBXVariantGroup;
			children = (
				A2F9B80B2444805500E4F116 /* Base */,
			);
			name = LaunchScreen.storyboard;
			sourceTree = "<group>";
		};
/* End PBXVariantGroup section */

/* Begin XCBuildConfiguration section */
		A2F9B80E2444805500E4F116 /* Debug */ = {
			isa = XCBuildConfiguration;
			buildSettings = {
				ALWAYS_SEARCH_USER_PATHS = NO;
				CLANG_ANALYZER_NONNULL = YES;
				CLANG_ANALYZER_NUMBER_OBJECT_CONVERSION = YES_AGGRESSIVE;
				CLANG_CXX_LANGUAGE_STANDARD = "gnu++14";
				CLANG_CXX_LIBRARY = "libc++";
				CLANG_ENABLE_MODULES = YES;
				CLANG_ENABLE_OBJC_ARC = YES;
				CLANG_ENABLE_OBJC_WEAK = YES;
				CLANG_WARN_BLOCK_CAPTURE_AUTORELEASING = YES;
				CLANG_WARN_BOOL_CONVERSION = YES;
				CLANG_WARN_COMMA = YES;
				CLANG_WARN_CONSTANT_CONVERSION = YES;
				CLANG_WARN_DEPRECATED_OBJC_IMPLEMENTATIONS = YES;
				CLANG_WARN_DIRECT_OBJC_ISA_USAGE = YES_ERROR;
				CLANG_WARN_DOCUMENTATION_COMMENTS = YES;
				CLANG_WARN_EMPTY_BODY = YES;
				CLANG_WARN_ENUM_CONVERSION = YES;
				CLANG_WARN_INFINITE_RECURSION = YES;
				CLANG_WARN_INT_CONVERSION = YES;
				CLANG_WARN_NON_LITERAL_NULL_CONVERSION = YES;
				CLANG_WARN_OBJC_IMPLICIT_RETAIN_SELF = YES;
				CLANG_WARN_OBJC_LITERAL_CONVERSION = YES;
				CLANG_WARN_OBJC_ROOT_CLASS = YES_ERROR;
				CLANG_WARN_RANGE_LOOP_ANALYSIS = YES;
				CLANG_WARN_STRICT_PROTOTYPES = YES;
				CLANG_WARN_SUSPICIOUS_MOVE = YES;
				CLANG_WARN_UNGUARDED_AVAILABILITY = YES_AGGRESSIVE;
				CLANG_WARN_UNREACHABLE_CODE = YES;
				CLANG_WARN__DUPLICATE_METHOD_MATCH = YES;
				COPY_PHASE_STRIP = NO;
				DEBUG_INFORMATION_FORMAT = dwarf;
				ENABLE_STRICT_OBJC_MSGSEND = YES;
				ENABLE_TESTABILITY = YES;
				GCC_C_LANGUAGE_STANDARD = gnu11;
				GCC_DYNAMIC_NO_PIC = NO;
				GCC_NO_COMMON_BLOCKS = YES;
				GCC_OPTIMIZATION_LEVEL = 0;
				GCC_PREPROCESSOR_DEFINITIONS = (
					"DEBUG=1",
					"$(inherited)",
				);
				GCC_WARN_64_TO_32_BIT_CONVERSION = YES;
				GCC_WARN_ABOUT_RETURN_TYPE = YES_ERROR;
				GCC_WARN_UNDECLARED_SELECTOR = YES;
				GCC_WARN_UNINITIALIZED_AUTOS = YES_AGGRESSIVE;
				GCC_WARN_UNUSED_FUNCTION = YES;
				GCC_WARN_UNUSED_VARIABLE = YES;
				IPHONEOS_DEPLOYMENT_TARGET = 13.1;
				MTL_ENABLE_DEBUG_INFO = INCLUDE_SOURCE;
				MTL_FAST_MATH = YES;
				ONLY_ACTIVE_ARCH = YES;
				SDKROOT = iphoneos;
				SWIFT_ACTIVE_COMPILATION_CONDITIONS = DEBUG;
				SWIFT_OPTIMIZATION_LEVEL = "-Onone";
			};
			name = Debug;
		};
		A2F9B80F2444805500E4F116 /* Release */ = {
			isa = XCBuildConfiguration;
			buildSettings = {
				ALWAYS_SEARCH_USER_PATHS = NO;
				CLANG_ANALYZER_NONNULL = YES;
				CLANG_ANALYZER_NUMBER_OBJECT_CONVERSION = YES_AGGRESSIVE;
				CLANG_CXX_LANGUAGE_STANDARD = "gnu++14";
				CLANG_CXX_LIBRARY = "libc++";
				CLANG_ENABLE_MODULES = YES;
				CLANG_ENABLE_OBJC_ARC = YES;
				CLANG_ENABLE_OBJC_WEAK = YES;
				CLANG_WARN_BLOCK_CAPTURE_AUTORELEASING = YES;
				CLANG_WARN_BOOL_CONVERSION = YES;
				CLANG_WARN_COMMA = YES;
				CLANG_WARN_CONSTANT_CONVERSION = YES;
				CLANG_WARN_DEPRECATED_OBJC_IMPLEMENTATIONS = YES;
				CLANG_WARN_DIRECT_OBJC_ISA_USAGE = YES_ERROR;
				CLANG_WARN_DOCUMENTATION_COMMENTS = YES;
				CLANG_WARN_EMPTY_BODY = YES;
				CLANG_WARN_ENUM_CONVERSION = YES;
				CLANG_WARN_INFINITE_RECURSION = YES;
				CLANG_WARN_INT_CONVERSION = YES;
				CLANG_WARN_NON_LITERAL_NULL_CONVERSION = YES;
				CLANG_WARN_OBJC_IMPLICIT_RETAIN_SELF = YES;
				CLANG_WARN_OBJC_LITERAL_CONVERSION = YES;
				CLANG_WARN_OBJC_ROOT_CLASS = YES_ERROR;
				CLANG_WARN_RANGE_LOOP_ANALYSIS = YES;
				CLANG_WARN_STRICT_PROTOTYPES = YES;
				CLANG_WARN_SUSPICIOUS_MOVE = YES;
				CLANG_WARN_UNGUARDED_AVAILABILITY = YES_AGGRESSIVE;
				CLANG_WARN_UNREACHABLE_CODE = YES;
				CLANG_WARN__DUPLICATE_METHOD_MATCH = YES;
				COPY_PHASE_STRIP = NO;
				DEBUG_INFORMATION_FORMAT = "dwarf-with-dsym";
				ENABLE_NS_ASSERTIONS = NO;
				ENABLE_STRICT_OBJC_MSGSEND = YES;
				GCC_C_LANGUAGE_STANDARD = gnu11;
				GCC_NO_COMMON_BLOCKS = YES;
				GCC_WARN_64_TO_32_BIT_CONVERSION = YES;
				GCC_WARN_ABOUT_RETURN_TYPE = YES_ERROR;
				GCC_WARN_UNDECLARED_SELECTOR = YES;
				GCC_WARN_UNINITIALIZED_AUTOS = YES_AGGRESSIVE;
				GCC_WARN_UNUSED_FUNCTION = YES;
				GCC_WARN_UNUSED_VARIABLE = YES;
				IPHONEOS_DEPLOYMENT_TARGET = 13.1;
				MTL_ENABLE_DEBUG_INFO = NO;
				MTL_FAST_MATH = YES;
				SDKROOT = iphoneos;
				SWIFT_COMPILATION_MODE = wholemodule;
				SWIFT_OPTIMIZATION_LEVEL = "-O";
				VALIDATE_PRODUCT = YES;
			};
			name = Release;
		};
		A2F9B8112444805500E4F116 /* Debug */ = {
			isa = XCBuildConfiguration;
			buildSettings = {
				ASSETCATALOG_COMPILER_APPICON_NAME = AppIcon;
				CODE_SIGN_STYLE = Automatic;
				DEVELOPMENT_ASSET_PATHS = "\"DeepWorkTracker/Preview Content\"";
				DEVELOPMENT_TEAM = ZKNRVN92RA;
				ENABLE_PREVIEWS = YES;
				INFOPLIST_FILE = DeepWorkTracker/Info.plist;
				LD_RUNPATH_SEARCH_PATHS = (
					"$(inherited)",
					"@executable_path/Frameworks",
				);
				PRODUCT_BUNDLE_IDENTIFIER = de.philip.DeepWorkTracker;
				PRODUCT_NAME = "$(TARGET_NAME)";
				SWIFT_VERSION = 5.0;
				TARGETED_DEVICE_FAMILY = "1,2";
			};
			name = Debug;
		};
		A2F9B8122444805500E4F116 /* Release */ = {
			isa = XCBuildConfiguration;
			buildSettings = {
				ASSETCATALOG_COMPILER_APPICON_NAME = AppIcon;
				CODE_SIGN_STYLE = Automatic;
				DEVELOPMENT_ASSET_PATHS = "\"DeepWorkTracker/Preview Content\"";
				DEVELOPMENT_TEAM = ZKNRVN92RA;
				ENABLE_PREVIEWS = YES;
				INFOPLIST_FILE = DeepWorkTracker/Info.plist;
				LD_RUNPATH_SEARCH_PATHS = (
					"$(inherited)",
					"@executable_path/Frameworks",
				);
				PRODUCT_BUNDLE_IDENTIFIER = de.philip.DeepWorkTracker;
				PRODUCT_NAME = "$(TARGET_NAME)";
				SWIFT_VERSION = 5.0;
				TARGETED_DEVICE_FAMILY = "1,2";
			};
			name = Release;
		};
/* End XCBuildConfiguration section */

/* Begin XCConfigurationList section */
		A2F9B7F72444805300E4F116 /* Build configuration list for PBXProject "DeepWorkTracker" */ = {
			isa = XCConfigurationList;
			buildConfigurations = (
				A2F9B80E2444805500E4F116 /* Debug */,
				A2F9B80F2444805500E4F116 /* Release */,
			);
			defaultConfigurationIsVisible = 0;
			defaultConfigurationName = Release;
		};
		A2F9B8102444805500E4F116 /* Build configuration list for PBXNativeTarget "DeepWorkTracker" */ = {
			isa = XCConfigurationList;
			buildConfigurations = (
				A2F9B8112444805500E4F116 /* Debug */,
				A2F9B8122444805500E4F116 /* Release */,
			);
			defaultConfigurationIsVisible = 0;
			defaultConfigurationName = Release;
		};
/* End XCConfigurationList section */

/* Begin XCSwiftPackageProductDependency section */
		A20F0E0B245821B70067CE60 /* FoundationExtensions */ = {
			isa = XCSwiftPackageProductDependency;
			productName = FoundationExtensions;
		};
/* End XCSwiftPackageProductDependency section */

/* Begin XCVersionGroup section */
		A2E1F0702458A86300DE313D /* DeepWorkTracker.xcdatamodeld */ = {
			isa = XCVersionGroup;
			children = (
				A2E1F0712458A86300DE313D /* DeepWorkTracker.xcdatamodel */,
			);
			currentVersion = A2E1F0712458A86300DE313D /* DeepWorkTracker.xcdatamodel */;
			path = DeepWorkTracker.xcdatamodeld;
			sourceTree = "<group>";
			versionGroupType = wrapper.xcdatamodel;
		};
/* End XCVersionGroup section */
	};
	rootObject = A2F9B7F42444805300E4F116 /* Project object */;
}
