// !$*UTF8*$!
{
	archiveVersion = 1;
	classes = {
	};
	objectVersion = 52;
	objects = {

/* Begin PBXBuildFile section */
		A20F0E0C245821B70067CE60 /* FoundationExtensions in Frameworks */ = {isa = PBXBuildFile; productRef = A20F0E0B245821B70067CE60 /* FoundationExtensions */; };
		A20F0E0E245868D30067CE60 /* TimerView.swift in Sources */ = {isa = PBXBuildFile; fileRef = A20F0E0D245868D30067CE60 /* TimerView.swift */; };
		A2234E47249E21FE00711D4A /* AnalyticsView.swift in Sources */ = {isa = PBXBuildFile; fileRef = A2234E46249E21FE00711D4A /* AnalyticsView.swift */; };
		A2234E49249E287A00711D4A /* WeeklyBarChart.swift in Sources */ = {isa = PBXBuildFile; fileRef = A2234E48249E287A00711D4A /* WeeklyBarChart.swift */; };
		A2234E4C249E295A00711D4A /* BarView.swift in Sources */ = {isa = PBXBuildFile; fileRef = A2234E4B249E295A00711D4A /* BarView.swift */; };
		A2234E4E249E381000711D4A /* MonthlyBarChart.swift in Sources */ = {isa = PBXBuildFile; fileRef = A2234E4D249E381000711D4A /* MonthlyBarChart.swift */; };
		A2635B1B249E617D005EA26B /* Animation+extension.swift in Sources */ = {isa = PBXBuildFile; fileRef = A2635B1A249E617D005EA26B /* Animation+extension.swift */; };
		A27EAF70249E668A00AF59EE /* Transition+extension.swift in Sources */ = {isa = PBXBuildFile; fileRef = A27EAF6F249E668A00AF59EE /* Transition+extension.swift */; };
		A27EAFD4249F7DC300AF59EE /* Interface.storyboard in Resources */ = {isa = PBXBuildFile; fileRef = A27EAFD2249F7DC300AF59EE /* Interface.storyboard */; };
		A27EAFD6249F7DC500AF59EE /* Assets.xcassets in Resources */ = {isa = PBXBuildFile; fileRef = A27EAFD5249F7DC500AF59EE /* Assets.xcassets */; };
		A27EAFDD249F7DC500AF59EE /* DeepWorkTrackerWatch Extension.appex in Embed App Extensions */ = {isa = PBXBuildFile; fileRef = A27EAFDC249F7DC500AF59EE /* DeepWorkTrackerWatch Extension.appex */; settings = {ATTRIBUTES = (RemoveHeadersOnCopy, ); }; };
		A27EAFE2249F7DC500AF59EE /* ContentView.swift in Sources */ = {isa = PBXBuildFile; fileRef = A27EAFE1249F7DC500AF59EE /* ContentView.swift */; };
		A27EAFE4249F7DC500AF59EE /* HostingController.swift in Sources */ = {isa = PBXBuildFile; fileRef = A27EAFE3249F7DC500AF59EE /* HostingController.swift */; };
		A27EAFE6249F7DC500AF59EE /* ExtensionDelegate.swift in Sources */ = {isa = PBXBuildFile; fileRef = A27EAFE5249F7DC500AF59EE /* ExtensionDelegate.swift */; };
		A27EAFE8249F7DC500AF59EE /* NotificationController.swift in Sources */ = {isa = PBXBuildFile; fileRef = A27EAFE7249F7DC500AF59EE /* NotificationController.swift */; };
		A27EAFEA249F7DC500AF59EE /* NotificationView.swift in Sources */ = {isa = PBXBuildFile; fileRef = A27EAFE9249F7DC500AF59EE /* NotificationView.swift */; };
		A27EAFEC249F7DC600AF59EE /* Assets.xcassets in Resources */ = {isa = PBXBuildFile; fileRef = A27EAFEB249F7DC600AF59EE /* Assets.xcassets */; };
		A27EAFEF249F7DC600AF59EE /* Preview Assets.xcassets in Resources */ = {isa = PBXBuildFile; fileRef = A27EAFEE249F7DC600AF59EE /* Preview Assets.xcassets */; };
		A27EAFF4249F7DC600AF59EE /* DeepWorkTrackerWatch.app in Embed Watch Content */ = {isa = PBXBuildFile; fileRef = A27EAFD0249F7DC200AF59EE /* DeepWorkTrackerWatch.app */; settings = {ATTRIBUTES = (RemoveHeadersOnCopy, ); }; };
		A27EB007249F7FE500AF59EE /* FoundationExtensions in Frameworks */ = {isa = PBXBuildFile; productRef = A27EB006249F7FE500AF59EE /* FoundationExtensions */; };
		A27EB009249F833000AF59EE /* SessionType.swift in Sources */ = {isa = PBXBuildFile; fileRef = A27EB008249F833000AF59EE /* SessionType.swift */; };
		A27EB00A249F833800AF59EE /* SessionType.swift in Sources */ = {isa = PBXBuildFile; fileRef = A27EB008249F833000AF59EE /* SessionType.swift */; };
		A2825A8924A0C37600EA4043 /* AppDelegate.swift in Sources */ = {isa = PBXBuildFile; fileRef = A2825A8824A0C37600EA4043 /* AppDelegate.swift */; };
		A2825A8B24A0C37600EA4043 /* ContentView.swift in Sources */ = {isa = PBXBuildFile; fileRef = A2825A8A24A0C37600EA4043 /* ContentView.swift */; };
		A2825A8D24A0C37600EA4043 /* Assets.xcassets in Resources */ = {isa = PBXBuildFile; fileRef = A2825A8C24A0C37600EA4043 /* Assets.xcassets */; };
		A2825A9024A0C37600EA4043 /* Preview Assets.xcassets in Resources */ = {isa = PBXBuildFile; fileRef = A2825A8F24A0C37600EA4043 /* Preview Assets.xcassets */; };
		A2825A9324A0C37600EA4043 /* Main.storyboard in Resources */ = {isa = PBXBuildFile; fileRef = A2825A9124A0C37600EA4043 /* Main.storyboard */; };
		A2825A9D24A0C45000EA4043 /* FoundationExtensions in Frameworks */ = {isa = PBXBuildFile; productRef = A2825A9C24A0C45000EA4043 /* FoundationExtensions */; };
		A2825A9E24A0C47300EA4043 /* Session+CoreDataClass.swift in Sources */ = {isa = PBXBuildFile; fileRef = A29D0AE12459AC3B004E5819 /* Session+CoreDataClass.swift */; };
		A2825A9F24A0C47300EA4043 /* Session+CoreDataProperties.swift in Sources */ = {isa = PBXBuildFile; fileRef = A29D0AE22459AC3B004E5819 /* Session+CoreDataProperties.swift */; };
		A2825AA024A0C47300EA4043 /* Category+CoreDataClass.swift in Sources */ = {isa = PBXBuildFile; fileRef = A29D0AE32459AC3B004E5819 /* Category+CoreDataClass.swift */; };
		A2825AA124A0C47300EA4043 /* Category+CoreDataProperties.swift in Sources */ = {isa = PBXBuildFile; fileRef = A29D0AE42459AC3B004E5819 /* Category+CoreDataProperties.swift */; };
		A2825AA224A0C47600EA4043 /* ManagedObjectContext.swift in Sources */ = {isa = PBXBuildFile; fileRef = A29D0ADF2459A92E004E5819 /* ManagedObjectContext.swift */; };
		A29D0ACE2459A1AA004E5819 /* ConfigureSessionView.swift in Sources */ = {isa = PBXBuildFile; fileRef = A29D0ACD2459A1AA004E5819 /* ConfigureSessionView.swift */; };
		A29D0AE02459A92E004E5819 /* ManagedObjectContext.swift in Sources */ = {isa = PBXBuildFile; fileRef = A29D0ADF2459A92E004E5819 /* ManagedObjectContext.swift */; };
		A29D0AE52459AC3B004E5819 /* Session+CoreDataClass.swift in Sources */ = {isa = PBXBuildFile; fileRef = A29D0AE12459AC3B004E5819 /* Session+CoreDataClass.swift */; };
		A29D0AE62459AC3B004E5819 /* Session+CoreDataProperties.swift in Sources */ = {isa = PBXBuildFile; fileRef = A29D0AE22459AC3B004E5819 /* Session+CoreDataProperties.swift */; };
		A29D0AE72459AC3B004E5819 /* Category+CoreDataClass.swift in Sources */ = {isa = PBXBuildFile; fileRef = A29D0AE32459AC3B004E5819 /* Category+CoreDataClass.swift */; };
		A29D0AE82459AC3B004E5819 /* Category+CoreDataProperties.swift in Sources */ = {isa = PBXBuildFile; fileRef = A29D0AE42459AC3B004E5819 /* Category+CoreDataProperties.swift */; };
		A2ADAA8E24572D7C00C7EAC1 /* PrepareSessionView.swift in Sources */ = {isa = PBXBuildFile; fileRef = A2ADAA8D24572D7C00C7EAC1 /* PrepareSessionView.swift */; };
		A2ADAA93245739E000C7EAC1 /* DurationPickerView.swift in Sources */ = {isa = PBXBuildFile; fileRef = A2ADAA92245739E000C7EAC1 /* DurationPickerView.swift */; };
		A2ADAA9524573B7700C7EAC1 /* SetDurationView.swift in Sources */ = {isa = PBXBuildFile; fileRef = A2ADAA9424573B7700C7EAC1 /* SetDurationView.swift */; };
		A2ADAA9724573C7A00C7EAC1 /* ChooseCategoryView.swift in Sources */ = {isa = PBXBuildFile; fileRef = A2ADAA9624573C7A00C7EAC1 /* ChooseCategoryView.swift */; };
		A2ADAA9924574A8900C7EAC1 /* AddCategoryView.swift in Sources */ = {isa = PBXBuildFile; fileRef = A2ADAA9824574A8900C7EAC1 /* AddCategoryView.swift */; };
		A2ADAA9B245750EE00C7EAC1 /* OpenEndedTimerView.swift in Sources */ = {isa = PBXBuildFile; fileRef = A2ADAA9A245750EE00C7EAC1 /* OpenEndedTimerView.swift */; };
		A2ADAA9D245764FA00C7EAC1 /* SessionOverviewView.swift in Sources */ = {isa = PBXBuildFile; fileRef = A2ADAA9C245764FA00C7EAC1 /* SessionOverviewView.swift */; };
		A2ADAAA12457692800C7EAC1 /* EditSessionView.swift in Sources */ = {isa = PBXBuildFile; fileRef = A2ADAAA02457692800C7EAC1 /* EditSessionView.swift */; };
		A2ADAAA324576F8A00C7EAC1 /* AddSessionView.swift in Sources */ = {isa = PBXBuildFile; fileRef = A2ADAAA224576F8A00C7EAC1 /* AddSessionView.swift */; };
		A2E1F0722458A86300DE313D /* DeepWorkTracker.xcdatamodeld in Sources */ = {isa = PBXBuildFile; fileRef = A2E1F0702458A86300DE313D /* DeepWorkTracker.xcdatamodeld */; };
		A2F9B8002444805300E4F116 /* AppDelegate.swift in Sources */ = {isa = PBXBuildFile; fileRef = A2F9B7FF2444805300E4F116 /* AppDelegate.swift */; };
		A2F9B8022444805300E4F116 /* SceneDelegate.swift in Sources */ = {isa = PBXBuildFile; fileRef = A2F9B8012444805300E4F116 /* SceneDelegate.swift */; };
		A2F9B8042444805300E4F116 /* ContentView.swift in Sources */ = {isa = PBXBuildFile; fileRef = A2F9B8032444805300E4F116 /* ContentView.swift */; };
		A2F9B8062444805500E4F116 /* Assets.xcassets in Resources */ = {isa = PBXBuildFile; fileRef = A2F9B8052444805500E4F116 /* Assets.xcassets */; };
		A2F9B8092444805500E4F116 /* Preview Assets.xcassets in Resources */ = {isa = PBXBuildFile; fileRef = A2F9B8082444805500E4F116 /* Preview Assets.xcassets */; };
		A2F9B80C2444805500E4F116 /* LaunchScreen.storyboard in Resources */ = {isa = PBXBuildFile; fileRef = A2F9B80A2444805500E4F116 /* LaunchScreen.storyboard */; };
/* End PBXBuildFile section */

/* Begin PBXContainerItemProxy section */
		A27EAFDE249F7DC500AF59EE /* PBXContainerItemProxy */ = {
			isa = PBXContainerItemProxy;
			containerPortal = A2F9B7F42444805300E4F116 /* Project object */;
			proxyType = 1;
			remoteGlobalIDString = A27EAFDB249F7DC500AF59EE;
			remoteInfo = "DeepWorkTrackerWatch Extension";
		};
		A27EAFF2249F7DC600AF59EE /* PBXContainerItemProxy */ = {
			isa = PBXContainerItemProxy;
			containerPortal = A2F9B7F42444805300E4F116 /* Project object */;
			proxyType = 1;
			remoteGlobalIDString = A27EAFCF249F7DC200AF59EE;
			remoteInfo = DeepWorkTrackerWatch;
		};
/* End PBXContainerItemProxy section */

/* Begin PBXCopyFilesBuildPhase section */
		A27EAFF5249F7DC600AF59EE /* Embed Watch Content */ = {
			isa = PBXCopyFilesBuildPhase;
			buildActionMask = 2147483647;
			dstPath = "$(CONTENTS_FOLDER_PATH)/Watch";
			dstSubfolderSpec = 16;
			files = (
				A27EAFF4249F7DC600AF59EE /* DeepWorkTrackerWatch.app in Embed Watch Content */,
			);
			name = "Embed Watch Content";
			runOnlyForDeploymentPostprocessing = 0;
		};
		A27EAFF8249F7DC600AF59EE /* Embed App Extensions */ = {
			isa = PBXCopyFilesBuildPhase;
			buildActionMask = 2147483647;
			dstPath = "";
			dstSubfolderSpec = 13;
			files = (
				A27EAFDD249F7DC500AF59EE /* DeepWorkTrackerWatch Extension.appex in Embed App Extensions */,
			);
			name = "Embed App Extensions";
			runOnlyForDeploymentPostprocessing = 0;
		};
/* End PBXCopyFilesBuildPhase section */

/* Begin PBXFileReference section */
		A20F0E09245820FC0067CE60 /* FoundationExtensions */ = {isa = PBXFileReference; lastKnownFileType = folder; path = FoundationExtensions; sourceTree = "<group>"; };
		A20F0E0D245868D30067CE60 /* TimerView.swift */ = {isa = PBXFileReference; lastKnownFileType = sourcecode.swift; path = TimerView.swift; sourceTree = "<group>"; };
		A2234E46249E21FE00711D4A /* AnalyticsView.swift */ = {isa = PBXFileReference; lastKnownFileType = sourcecode.swift; path = AnalyticsView.swift; sourceTree = "<group>"; };
		A2234E48249E287A00711D4A /* WeeklyBarChart.swift */ = {isa = PBXFileReference; lastKnownFileType = sourcecode.swift; path = WeeklyBarChart.swift; sourceTree = "<group>"; };
		A2234E4B249E295A00711D4A /* BarView.swift */ = {isa = PBXFileReference; lastKnownFileType = sourcecode.swift; path = BarView.swift; sourceTree = "<group>"; };
		A2234E4D249E381000711D4A /* MonthlyBarChart.swift */ = {isa = PBXFileReference; lastKnownFileType = sourcecode.swift; path = MonthlyBarChart.swift; sourceTree = "<group>"; };
		A2635B1A249E617D005EA26B /* Animation+extension.swift */ = {isa = PBXFileReference; lastKnownFileType = sourcecode.swift; path = "Animation+extension.swift"; sourceTree = "<group>"; };
		A27EAF6F249E668A00AF59EE /* Transition+extension.swift */ = {isa = PBXFileReference; lastKnownFileType = sourcecode.swift; path = "Transition+extension.swift"; sourceTree = "<group>"; };
		A27EAFD0249F7DC200AF59EE /* DeepWorkTrackerWatch.app */ = {isa = PBXFileReference; explicitFileType = wrapper.application; includeInIndex = 0; path = DeepWorkTrackerWatch.app; sourceTree = BUILT_PRODUCTS_DIR; };
		A27EAFD3249F7DC300AF59EE /* Base */ = {isa = PBXFileReference; lastKnownFileType = file.storyboard; name = Base; path = Base.lproj/Interface.storyboard; sourceTree = "<group>"; };
		A27EAFD5249F7DC500AF59EE /* Assets.xcassets */ = {isa = PBXFileReference; lastKnownFileType = folder.assetcatalog; path = Assets.xcassets; sourceTree = "<group>"; };
		A27EAFD7249F7DC500AF59EE /* Info.plist */ = {isa = PBXFileReference; lastKnownFileType = text.plist.xml; path = Info.plist; sourceTree = "<group>"; };
		A27EAFDC249F7DC500AF59EE /* DeepWorkTrackerWatch Extension.appex */ = {isa = PBXFileReference; explicitFileType = "wrapper.app-extension"; includeInIndex = 0; path = "DeepWorkTrackerWatch Extension.appex"; sourceTree = BUILT_PRODUCTS_DIR; };
		A27EAFE1249F7DC500AF59EE /* ContentView.swift */ = {isa = PBXFileReference; lastKnownFileType = sourcecode.swift; path = ContentView.swift; sourceTree = "<group>"; };
		A27EAFE3249F7DC500AF59EE /* HostingController.swift */ = {isa = PBXFileReference; lastKnownFileType = sourcecode.swift; path = HostingController.swift; sourceTree = "<group>"; };
		A27EAFE5249F7DC500AF59EE /* ExtensionDelegate.swift */ = {isa = PBXFileReference; lastKnownFileType = sourcecode.swift; path = ExtensionDelegate.swift; sourceTree = "<group>"; };
		A27EAFE7249F7DC500AF59EE /* NotificationController.swift */ = {isa = PBXFileReference; lastKnownFileType = sourcecode.swift; path = NotificationController.swift; sourceTree = "<group>"; };
		A27EAFE9249F7DC500AF59EE /* NotificationView.swift */ = {isa = PBXFileReference; lastKnownFileType = sourcecode.swift; path = NotificationView.swift; sourceTree = "<group>"; };
		A27EAFEB249F7DC600AF59EE /* Assets.xcassets */ = {isa = PBXFileReference; lastKnownFileType = folder.assetcatalog; path = Assets.xcassets; sourceTree = "<group>"; };
		A27EAFEE249F7DC600AF59EE /* Preview Assets.xcassets */ = {isa = PBXFileReference; lastKnownFileType = folder.assetcatalog; path = "Preview Assets.xcassets"; sourceTree = "<group>"; };
		A27EAFF0249F7DC600AF59EE /* Info.plist */ = {isa = PBXFileReference; lastKnownFileType = text.plist.xml; path = Info.plist; sourceTree = "<group>"; };
		A27EAFF1249F7DC600AF59EE /* PushNotificationPayload.apns */ = {isa = PBXFileReference; lastKnownFileType = text; path = PushNotificationPayload.apns; sourceTree = "<group>"; };
		A27EB008249F833000AF59EE /* SessionType.swift */ = {isa = PBXFileReference; lastKnownFileType = sourcecode.swift; path = SessionType.swift; sourceTree = "<group>"; };
		A2825A8624A0C37600EA4043 /* DeepWorkTrackerMac.app */ = {isa = PBXFileReference; explicitFileType = wrapper.application; includeInIndex = 0; path = DeepWorkTrackerMac.app; sourceTree = BUILT_PRODUCTS_DIR; };
		A2825A8824A0C37600EA4043 /* AppDelegate.swift */ = {isa = PBXFileReference; lastKnownFileType = sourcecode.swift; path = AppDelegate.swift; sourceTree = "<group>"; };
		A2825A8A24A0C37600EA4043 /* ContentView.swift */ = {isa = PBXFileReference; lastKnownFileType = sourcecode.swift; path = ContentView.swift; sourceTree = "<group>"; };
		A2825A8C24A0C37600EA4043 /* Assets.xcassets */ = {isa = PBXFileReference; lastKnownFileType = folder.assetcatalog; path = Assets.xcassets; sourceTree = "<group>"; };
		A2825A8F24A0C37600EA4043 /* Preview Assets.xcassets */ = {isa = PBXFileReference; lastKnownFileType = folder.assetcatalog; path = "Preview Assets.xcassets"; sourceTree = "<group>"; };
		A2825A9224A0C37600EA4043 /* Base */ = {isa = PBXFileReference; lastKnownFileType = file.storyboard; name = Base; path = Base.lproj/Main.storyboard; sourceTree = "<group>"; };
		A2825A9424A0C37600EA4043 /* Info.plist */ = {isa = PBXFileReference; lastKnownFileType = text.plist.xml; path = Info.plist; sourceTree = "<group>"; };
		A2825A9524A0C37600EA4043 /* DeepWorkTrackerMac.entitlements */ = {isa = PBXFileReference; lastKnownFileType = text.plist.entitlements; path = DeepWorkTrackerMac.entitlements; sourceTree = "<group>"; };
		A29D0ACD2459A1AA004E5819 /* ConfigureSessionView.swift */ = {isa = PBXFileReference; lastKnownFileType = sourcecode.swift; path = ConfigureSessionView.swift; sourceTree = "<group>"; };
		A29D0ADF2459A92E004E5819 /* ManagedObjectContext.swift */ = {isa = PBXFileReference; lastKnownFileType = sourcecode.swift; path = ManagedObjectContext.swift; sourceTree = "<group>"; };
		A29D0AE12459AC3B004E5819 /* Session+CoreDataClass.swift */ = {isa = PBXFileReference; lastKnownFileType = sourcecode.swift; path = "Session+CoreDataClass.swift"; sourceTree = "<group>"; };
		A29D0AE22459AC3B004E5819 /* Session+CoreDataProperties.swift */ = {isa = PBXFileReference; lastKnownFileType = sourcecode.swift; path = "Session+CoreDataProperties.swift"; sourceTree = "<group>"; };
		A29D0AE32459AC3B004E5819 /* Category+CoreDataClass.swift */ = {isa = PBXFileReference; lastKnownFileType = sourcecode.swift; path = "Category+CoreDataClass.swift"; sourceTree = "<group>"; };
		A29D0AE42459AC3B004E5819 /* Category+CoreDataProperties.swift */ = {isa = PBXFileReference; lastKnownFileType = sourcecode.swift; path = "Category+CoreDataProperties.swift"; sourceTree = "<group>"; };
		A2ADAA8D24572D7C00C7EAC1 /* PrepareSessionView.swift */ = {isa = PBXFileReference; lastKnownFileType = sourcecode.swift; path = PrepareSessionView.swift; sourceTree = "<group>"; };
		A2ADAA92245739E000C7EAC1 /* DurationPickerView.swift */ = {isa = PBXFileReference; lastKnownFileType = sourcecode.swift; path = DurationPickerView.swift; sourceTree = "<group>"; };
		A2ADAA9424573B7700C7EAC1 /* SetDurationView.swift */ = {isa = PBXFileReference; lastKnownFileType = sourcecode.swift; path = SetDurationView.swift; sourceTree = "<group>"; };
		A2ADAA9624573C7A00C7EAC1 /* ChooseCategoryView.swift */ = {isa = PBXFileReference; lastKnownFileType = sourcecode.swift; path = ChooseCategoryView.swift; sourceTree = "<group>"; };
		A2ADAA9824574A8900C7EAC1 /* AddCategoryView.swift */ = {isa = PBXFileReference; lastKnownFileType = sourcecode.swift; path = AddCategoryView.swift; sourceTree = "<group>"; };
		A2ADAA9A245750EE00C7EAC1 /* OpenEndedTimerView.swift */ = {isa = PBXFileReference; lastKnownFileType = sourcecode.swift; path = OpenEndedTimerView.swift; sourceTree = "<group>"; };
		A2ADAA9C245764FA00C7EAC1 /* SessionOverviewView.swift */ = {isa = PBXFileReference; lastKnownFileType = sourcecode.swift; path = SessionOverviewView.swift; sourceTree = "<group>"; };
		A2ADAAA02457692800C7EAC1 /* EditSessionView.swift */ = {isa = PBXFileReference; lastKnownFileType = sourcecode.swift; path = EditSessionView.swift; sourceTree = "<group>"; };
		A2ADAAA224576F8A00C7EAC1 /* AddSessionView.swift */ = {isa = PBXFileReference; lastKnownFileType = sourcecode.swift; path = AddSessionView.swift; sourceTree = "<group>"; };
		A2E1F0712458A86300DE313D /* DeepWorkTracker.xcdatamodel */ = {isa = PBXFileReference; lastKnownFileType = wrapper.xcdatamodel; path = DeepWorkTracker.xcdatamodel; sourceTree = "<group>"; };
		A2F9B7FC2444805300E4F116 /* DeepWorkTracker.app */ = {isa = PBXFileReference; explicitFileType = wrapper.application; includeInIndex = 0; path = DeepWorkTracker.app; sourceTree = BUILT_PRODUCTS_DIR; };
		A2F9B7FF2444805300E4F116 /* AppDelegate.swift */ = {isa = PBXFileReference; lastKnownFileType = sourcecode.swift; path = AppDelegate.swift; sourceTree = "<group>"; };
		A2F9B8012444805300E4F116 /* SceneDelegate.swift */ = {isa = PBXFileReference; lastKnownFileType = sourcecode.swift; path = SceneDelegate.swift; sourceTree = "<group>"; };
		A2F9B8032444805300E4F116 /* ContentView.swift */ = {isa = PBXFileReference; lastKnownFileType = sourcecode.swift; path = ContentView.swift; sourceTree = "<group>"; };
		A2F9B8052444805500E4F116 /* Assets.xcassets */ = {isa = PBXFileReference; lastKnownFileType = folder.assetcatalog; path = Assets.xcassets; sourceTree = "<group>"; };
		A2F9B8082444805500E4F116 /* Preview Assets.xcassets */ = {isa = PBXFileReference; lastKnownFileType = folder.assetcatalog; path = "Preview Assets.xcassets"; sourceTree = "<group>"; };
		A2F9B80B2444805500E4F116 /* Base */ = {isa = PBXFileReference; lastKnownFileType = file.storyboard; name = Base; path = Base.lproj/LaunchScreen.storyboard; sourceTree = "<group>"; };
		A2F9B80D2444805500E4F116 /* Info.plist */ = {isa = PBXFileReference; lastKnownFileType = text.plist.xml; path = Info.plist; sourceTree = "<group>"; };
/* End PBXFileReference section */

/* Begin PBXFrameworksBuildPhase section */
		A27EAFD9249F7DC500AF59EE /* Frameworks */ = {
			isa = PBXFrameworksBuildPhase;
			buildActionMask = 2147483647;
			files = (
				A27EB007249F7FE500AF59EE /* FoundationExtensions in Frameworks */,
			);
			runOnlyForDeploymentPostprocessing = 0;
		};
		A2825A8324A0C37600EA4043 /* Frameworks */ = {
			isa = PBXFrameworksBuildPhase;
			buildActionMask = 2147483647;
			files = (
				A2825A9D24A0C45000EA4043 /* FoundationExtensions in Frameworks */,
			);
			runOnlyForDeploymentPostprocessing = 0;
		};
		A2F9B7F92444805300E4F116 /* Frameworks */ = {
			isa = PBXFrameworksBuildPhase;
			buildActionMask = 2147483647;
			files = (
				A20F0E0C245821B70067CE60 /* FoundationExtensions in Frameworks */,
			);
			runOnlyForDeploymentPostprocessing = 0;
		};
/* End PBXFrameworksBuildPhase section */

/* Begin PBXGroup section */
		A20F0E0A245821B70067CE60 /* Frameworks */ = {
			isa = PBXGroup;
			children = (
			);
			name = Frameworks;
			sourceTree = "<group>";
		};
		A20F0E0F245869520067CE60 /* Timer */ = {
			isa = PBXGroup;
			children = (
				A2ADAA8D24572D7C00C7EAC1 /* PrepareSessionView.swift */,
				A2ADAA9A245750EE00C7EAC1 /* OpenEndedTimerView.swift */,
				A20F0E0D245868D30067CE60 /* TimerView.swift */,
			);
			path = Timer;
			sourceTree = "<group>";
		};
		A20F0E1024586A5B0067CE60 /* Session */ = {
			isa = PBXGroup;
			children = (
				A2ADAA9C245764FA00C7EAC1 /* SessionOverviewView.swift */,
				A2ADAAA02457692800C7EAC1 /* EditSessionView.swift */,
				A2ADAAA224576F8A00C7EAC1 /* AddSessionView.swift */,
				A29D0ACD2459A1AA004E5819 /* ConfigureSessionView.swift */,
			);
			path = Session;
			sourceTree = "<group>";
		};
		A20F0E1124586A6A0067CE60 /* Category */ = {
			isa = PBXGroup;
			children = (
				A2ADAA9624573C7A00C7EAC1 /* ChooseCategoryView.swift */,
				A2ADAA9824574A8900C7EAC1 /* AddCategoryView.swift */,
			);
			path = Category;
			sourceTree = "<group>";
		};
		A20F0E1224586A760067CE60 /* Duration */ = {
			isa = PBXGroup;
			children = (
				A2ADAA92245739E000C7EAC1 /* DurationPickerView.swift */,
				A2ADAA9424573B7700C7EAC1 /* SetDurationView.swift */,
			);
			path = Duration;
			sourceTree = "<group>";
		};
		A2234E4A249E294500711D4A /* Analytics */ = {
			isa = PBXGroup;
			children = (
				A2234E46249E21FE00711D4A /* AnalyticsView.swift */,
				A2234E48249E287A00711D4A /* WeeklyBarChart.swift */,
				A2234E4D249E381000711D4A /* MonthlyBarChart.swift */,
				A2234E4B249E295A00711D4A /* BarView.swift */,
			);
			path = Analytics;
			sourceTree = "<group>";
		};
		A2635B19249E616E005EA26B /* Extensions */ = {
			isa = PBXGroup;
			children = (
				A2635B1A249E617D005EA26B /* Animation+extension.swift */,
				A27EAF6F249E668A00AF59EE /* Transition+extension.swift */,
			);
			path = Extensions;
			sourceTree = "<group>";
		};
		A27EAFD1249F7DC200AF59EE /* DeepWorkTrackerWatch */ = {
			isa = PBXGroup;
			children = (
				A27EAFD2249F7DC300AF59EE /* Interface.storyboard */,
				A27EAFD5249F7DC500AF59EE /* Assets.xcassets */,
				A27EAFD7249F7DC500AF59EE /* Info.plist */,
			);
			path = DeepWorkTrackerWatch;
			sourceTree = "<group>";
		};
		A27EAFE0249F7DC500AF59EE /* DeepWorkTrackerWatch Extension */ = {
			isa = PBXGroup;
			children = (
				A27EAFE1249F7DC500AF59EE /* ContentView.swift */,
				A27EAFE3249F7DC500AF59EE /* HostingController.swift */,
				A27EAFE5249F7DC500AF59EE /* ExtensionDelegate.swift */,
				A27EAFE7249F7DC500AF59EE /* NotificationController.swift */,
				A27EAFE9249F7DC500AF59EE /* NotificationView.swift */,
				A27EAFEB249F7DC600AF59EE /* Assets.xcassets */,
				A27EAFF0249F7DC600AF59EE /* Info.plist */,
				A27EAFF1249F7DC600AF59EE /* PushNotificationPayload.apns */,
				A27EAFED249F7DC600AF59EE /* Preview Content */,
			);
			path = "DeepWorkTrackerWatch Extension";
			sourceTree = "<group>";
		};
		A27EAFED249F7DC600AF59EE /* Preview Content */ = {
			isa = PBXGroup;
			children = (
				A27EAFEE249F7DC600AF59EE /* Preview Assets.xcassets */,
			);
			path = "Preview Content";
			sourceTree = "<group>";
		};
		A2825A8724A0C37600EA4043 /* DeepWorkTrackerMac */ = {
			isa = PBXGroup;
			children = (
				A2825A8824A0C37600EA4043 /* AppDelegate.swift */,
				A2825A8A24A0C37600EA4043 /* ContentView.swift */,
				A2825A8C24A0C37600EA4043 /* Assets.xcassets */,
				A2825A9124A0C37600EA4043 /* Main.storyboard */,
				A2825A9424A0C37600EA4043 /* Info.plist */,
				A2825A9524A0C37600EA4043 /* DeepWorkTrackerMac.entitlements */,
				A2825A8E24A0C37600EA4043 /* Preview Content */,
			);
			path = DeepWorkTrackerMac;
			sourceTree = "<group>";
		};
		A2825A8E24A0C37600EA4043 /* Preview Content */ = {
			isa = PBXGroup;
			children = (
				A2825A8F24A0C37600EA4043 /* Preview Assets.xcassets */,
			);
			path = "Preview Content";
			sourceTree = "<group>";
		};
		A2ADAA8F2457357100C7EAC1 /* View */ = {
			isa = PBXGroup;
			children = (
				A2635B19249E616E005EA26B /* Extensions */,
				A2F9B8032444805300E4F116 /* ContentView.swift */,
				A20F0E0F245869520067CE60 /* Timer */,
				A20F0E1224586A760067CE60 /* Duration */,
				A20F0E1124586A6A0067CE60 /* Category */,
				A20F0E1024586A5B0067CE60 /* Session */,
				A2234E4A249E294500711D4A /* Analytics */,
			);
			path = View;
			sourceTree = "<group>";
		};
		A2E1F0732458A86900DE313D /* CoreData */ = {
			isa = PBXGroup;
			children = (
				A29D0AE12459AC3B004E5819 /* Session+CoreDataClass.swift */,
				A29D0AE22459AC3B004E5819 /* Session+CoreDataProperties.swift */,
				A29D0AE32459AC3B004E5819 /* Category+CoreDataClass.swift */,
				A29D0AE42459AC3B004E5819 /* Category+CoreDataProperties.swift */,
				A2E1F0702458A86300DE313D /* DeepWorkTracker.xcdatamodeld */,
				A29D0ADF2459A92E004E5819 /* ManagedObjectContext.swift */,
			);
			path = CoreData;
			sourceTree = "<group>";
		};
		A2F9B7F32444805300E4F116 = {
			isa = PBXGroup;
			children = (
				A20F0E09245820FC0067CE60 /* FoundationExtensions */,
				A2F9B7FE2444805300E4F116 /* DeepWorkTracker */,
				A27EAFD1249F7DC200AF59EE /* DeepWorkTrackerWatch */,
				A27EAFE0249F7DC500AF59EE /* DeepWorkTrackerWatch Extension */,
				A2825A8724A0C37600EA4043 /* DeepWorkTrackerMac */,
				A2F9B7FD2444805300E4F116 /* Products */,
				A20F0E0A245821B70067CE60 /* Frameworks */,
			);
			sourceTree = "<group>";
		};
		A2F9B7FD2444805300E4F116 /* Products */ = {
			isa = PBXGroup;
			children = (
				A2F9B7FC2444805300E4F116 /* DeepWorkTracker.app */,
				A27EAFD0249F7DC200AF59EE /* DeepWorkTrackerWatch.app */,
				A27EAFDC249F7DC500AF59EE /* DeepWorkTrackerWatch Extension.appex */,
				A2825A8624A0C37600EA4043 /* DeepWorkTrackerMac.app */,
			);
			name = Products;
			sourceTree = "<group>";
		};
		A2F9B7FE2444805300E4F116 /* DeepWorkTracker */ = {
			isa = PBXGroup;
			children = (
				A2F9B7FF2444805300E4F116 /* AppDelegate.swift */,
				A2F9B8012444805300E4F116 /* SceneDelegate.swift */,
				A27EB008249F833000AF59EE /* SessionType.swift */,
				A2ADAA8F2457357100C7EAC1 /* View */,
				A2E1F0732458A86900DE313D /* CoreData */,
				A2F9B8052444805500E4F116 /* Assets.xcassets */,
				A2F9B80A2444805500E4F116 /* LaunchScreen.storyboard */,
				A2F9B80D2444805500E4F116 /* Info.plist */,
				A2F9B8072444805500E4F116 /* Preview Content */,
			);
			path = DeepWorkTracker;
			sourceTree = "<group>";
		};
		A2F9B8072444805500E4F116 /* Preview Content */ = {
			isa = PBXGroup;
			children = (
				A2F9B8082444805500E4F116 /* Preview Assets.xcassets */,
			);
			path = "Preview Content";
			sourceTree = "<group>";
		};
/* End PBXGroup section */

/* Begin PBXNativeTarget section */
		A27EAFCF249F7DC200AF59EE /* DeepWorkTrackerWatch */ = {
			isa = PBXNativeTarget;
			buildConfigurationList = A27EAFFC249F7DC600AF59EE /* Build configuration list for PBXNativeTarget "DeepWorkTrackerWatch" */;
			buildPhases = (
				A27EAFCE249F7DC200AF59EE /* Resources */,
				A27EAFF8249F7DC600AF59EE /* Embed App Extensions */,
			);
			buildRules = (
			);
			dependencies = (
				A27EAFDF249F7DC500AF59EE /* PBXTargetDependency */,
			);
			name = DeepWorkTrackerWatch;
			productName = DeepWorkTrackerWatch;
			productReference = A27EAFD0249F7DC200AF59EE /* DeepWorkTrackerWatch.app */;
			productType = "com.apple.product-type.application.watchapp2";
		};
		A27EAFDB249F7DC500AF59EE /* DeepWorkTrackerWatch Extension */ = {
			isa = PBXNativeTarget;
			buildConfigurationList = A27EAFFB249F7DC600AF59EE /* Build configuration list for PBXNativeTarget "DeepWorkTrackerWatch Extension" */;
			buildPhases = (
				A27EAFD8249F7DC500AF59EE /* Sources */,
				A27EAFD9249F7DC500AF59EE /* Frameworks */,
				A27EAFDA249F7DC500AF59EE /* Resources */,
			);
			buildRules = (
			);
			dependencies = (
			);
			name = "DeepWorkTrackerWatch Extension";
			packageProductDependencies = (
				A27EB006249F7FE500AF59EE /* FoundationExtensions */,
			);
			productName = "DeepWorkTrackerWatch Extension";
			productReference = A27EAFDC249F7DC500AF59EE /* DeepWorkTrackerWatch Extension.appex */;
			productType = "com.apple.product-type.watchkit2-extension";
		};
		A2825A8524A0C37600EA4043 /* DeepWorkTrackerMac */ = {
			isa = PBXNativeTarget;
			buildConfigurationList = A2825A9824A0C37600EA4043 /* Build configuration list for PBXNativeTarget "DeepWorkTrackerMac" */;
			buildPhases = (
				A2825A8224A0C37600EA4043 /* Sources */,
				A2825A8324A0C37600EA4043 /* Frameworks */,
				A2825A8424A0C37600EA4043 /* Resources */,
			);
			buildRules = (
			);
			dependencies = (
			);
			name = DeepWorkTrackerMac;
			packageProductDependencies = (
				A2825A9C24A0C45000EA4043 /* FoundationExtensions */,
			);
			productName = DeepWorkTrackerMac;
			productReference = A2825A8624A0C37600EA4043 /* DeepWorkTrackerMac.app */;
			productType = "com.apple.product-type.application";
		};
		A2F9B7FB2444805300E4F116 /* DeepWorkTracker */ = {
			isa = PBXNativeTarget;
			buildConfigurationList = A2F9B8102444805500E4F116 /* Build configuration list for PBXNativeTarget "DeepWorkTracker" */;
			buildPhases = (
				A2F9B7F82444805300E4F116 /* Sources */,
				A2F9B7F92444805300E4F116 /* Frameworks */,
				A2F9B7FA2444805300E4F116 /* Resources */,
				A27EAFF5249F7DC600AF59EE /* Embed Watch Content */,
			);
			buildRules = (
			);
			dependencies = (
				A27EAFF3249F7DC600AF59EE /* PBXTargetDependency */,
			);
			name = DeepWorkTracker;
			packageProductDependencies = (
				A20F0E0B245821B70067CE60 /* FoundationExtensions */,
			);
			productName = DeepWorkTracker;
			productReference = A2F9B7FC2444805300E4F116 /* DeepWorkTracker.app */;
			productType = "com.apple.product-type.application";
		};
/* End PBXNativeTarget section */

/* Begin PBXProject section */
		A2F9B7F42444805300E4F116 /* Project object */ = {
			isa = PBXProject;
			attributes = {
				LastSwiftUpdateCheck = 1150;
				LastUpgradeCheck = 1140;
				ORGANIZATIONNAME = "Philip Krück";
				TargetAttributes = {
					A27EAFCF249F7DC200AF59EE = {
						CreatedOnToolsVersion = 11.5;
					};
					A27EAFDB249F7DC500AF59EE = {
						CreatedOnToolsVersion = 11.5;
					};
					A2825A8524A0C37600EA4043 = {
						CreatedOnToolsVersion = 11.5;
					};
					A2F9B7FB2444805300E4F116 = {
						CreatedOnToolsVersion = 11.4;
					};
				};
			};
			buildConfigurationList = A2F9B7F72444805300E4F116 /* Build configuration list for PBXProject "DeepWorkTracker" */;
			compatibilityVersion = "Xcode 9.3";
			developmentRegion = en;
			hasScannedForEncodings = 0;
			knownRegions = (
				en,
				Base,
			);
			mainGroup = A2F9B7F32444805300E4F116;
			productRefGroup = A2F9B7FD2444805300E4F116 /* Products */;
			projectDirPath = "";
			projectRoot = "";
			targets = (
				A2F9B7FB2444805300E4F116 /* DeepWorkTracker */,
				A27EAFCF249F7DC200AF59EE /* DeepWorkTrackerWatch */,
				A27EAFDB249F7DC500AF59EE /* DeepWorkTrackerWatch Extension */,
				A2825A8524A0C37600EA4043 /* DeepWorkTrackerMac */,
			);
		};
/* End PBXProject section */

/* Begin PBXResourcesBuildPhase section */
		A27EAFCE249F7DC200AF59EE /* Resources */ = {
			isa = PBXResourcesBuildPhase;
			buildActionMask = 2147483647;
			files = (
				A27EAFD6249F7DC500AF59EE /* Assets.xcassets in Resources */,
				A27EAFD4249F7DC300AF59EE /* Interface.storyboard in Resources */,
			);
			runOnlyForDeploymentPostprocessing = 0;
		};
		A27EAFDA249F7DC500AF59EE /* Resources */ = {
			isa = PBXResourcesBuildPhase;
			buildActionMask = 2147483647;
			files = (
				A27EAFEF249F7DC600AF59EE /* Preview Assets.xcassets in Resources */,
				A27EAFEC249F7DC600AF59EE /* Assets.xcassets in Resources */,
			);
			runOnlyForDeploymentPostprocessing = 0;
		};
		A2825A8424A0C37600EA4043 /* Resources */ = {
			isa = PBXResourcesBuildPhase;
			buildActionMask = 2147483647;
			files = (
				A2825A9324A0C37600EA4043 /* Main.storyboard in Resources */,
				A2825A9024A0C37600EA4043 /* Preview Assets.xcassets in Resources */,
				A2825A8D24A0C37600EA4043 /* Assets.xcassets in Resources */,
			);
			runOnlyForDeploymentPostprocessing = 0;
		};
		A2F9B7FA2444805300E4F116 /* Resources */ = {
			isa = PBXResourcesBuildPhase;
			buildActionMask = 2147483647;
			files = (
				A2F9B80C2444805500E4F116 /* LaunchScreen.storyboard in Resources */,
				A2F9B8092444805500E4F116 /* Preview Assets.xcassets in Resources */,
				A2F9B8062444805500E4F116 /* Assets.xcassets in Resources */,
			);
			runOnlyForDeploymentPostprocessing = 0;
		};
/* End PBXResourcesBuildPhase section */

/* Begin PBXSourcesBuildPhase section */
		A27EAFD8249F7DC500AF59EE /* Sources */ = {
			isa = PBXSourcesBuildPhase;
			buildActionMask = 2147483647;
			files = (
				A27EAFE4249F7DC500AF59EE /* HostingController.swift in Sources */,
				A27EAFE2249F7DC500AF59EE /* ContentView.swift in Sources */,
				A27EAFE8249F7DC500AF59EE /* NotificationController.swift in Sources */,
				A27EAFE6249F7DC500AF59EE /* ExtensionDelegate.swift in Sources */,
				A27EB00A249F833800AF59EE /* SessionType.swift in Sources */,
				A27EAFEA249F7DC500AF59EE /* NotificationView.swift in Sources */,
			);
			runOnlyForDeploymentPostprocessing = 0;
		};
		A2825A8224A0C37600EA4043 /* Sources */ = {
			isa = PBXSourcesBuildPhase;
			buildActionMask = 2147483647;
			files = (
				A2825AA124A0C47300EA4043 /* Category+CoreDataProperties.swift in Sources */,
				A2825AA024A0C47300EA4043 /* Category+CoreDataClass.swift in Sources */,
				A2825A9E24A0C47300EA4043 /* Session+CoreDataClass.swift in Sources */,
				A2825A8B24A0C37600EA4043 /* ContentView.swift in Sources */,
				A2825A8924A0C37600EA4043 /* AppDelegate.swift in Sources */,
				A2825AA224A0C47600EA4043 /* ManagedObjectContext.swift in Sources */,
				A2825A9F24A0C47300EA4043 /* Session+CoreDataProperties.swift in Sources */,
			);
			runOnlyForDeploymentPostprocessing = 0;
		};
		A2F9B7F82444805300E4F116 /* Sources */ = {
			isa = PBXSourcesBuildPhase;
			buildActionMask = 2147483647;
			files = (
				A2234E4C249E295A00711D4A /* BarView.swift in Sources */,
				A27EB009249F833000AF59EE /* SessionType.swift in Sources */,
				A29D0AE62459AC3B004E5819 /* Session+CoreDataProperties.swift in Sources */,
				A2234E49249E287A00711D4A /* WeeklyBarChart.swift in Sources */,
				A2ADAA9B245750EE00C7EAC1 /* OpenEndedTimerView.swift in Sources */,
				A2F9B8002444805300E4F116 /* AppDelegate.swift in Sources */,
				A2ADAA9724573C7A00C7EAC1 /* ChooseCategoryView.swift in Sources */,
				A2ADAA9924574A8900C7EAC1 /* AddCategoryView.swift in Sources */,
				A2234E47249E21FE00711D4A /* AnalyticsView.swift in Sources */,
				A29D0AE72459AC3B004E5819 /* Category+CoreDataClass.swift in Sources */,
				A2635B1B249E617D005EA26B /* Animation+extension.swift in Sources */,
				A27EAF70249E668A00AF59EE /* Transition+extension.swift in Sources */,
				A2ADAAA12457692800C7EAC1 /* EditSessionView.swift in Sources */,
				A29D0AE82459AC3B004E5819 /* Category+CoreDataProperties.swift in Sources */,
				A2E1F0722458A86300DE313D /* DeepWorkTracker.xcdatamodeld in Sources */,
				A29D0ACE2459A1AA004E5819 /* ConfigureSessionView.swift in Sources */,
				A20F0E0E245868D30067CE60 /* TimerView.swift in Sources */,
				A2ADAA8E24572D7C00C7EAC1 /* PrepareSessionView.swift in Sources */,
				A2F9B8022444805300E4F116 /* SceneDelegate.swift in Sources */,
				A2ADAAA324576F8A00C7EAC1 /* AddSessionView.swift in Sources */,
				A2ADAA9524573B7700C7EAC1 /* SetDurationView.swift in Sources */,
				A2234E4E249E381000711D4A /* MonthlyBarChart.swift in Sources */,
				A2F9B8042444805300E4F116 /* ContentView.swift in Sources */,
				A29D0AE52459AC3B004E5819 /* Session+CoreDataClass.swift in Sources */,
				A2ADAA9D245764FA00C7EAC1 /* SessionOverviewView.swift in Sources */,
				A29D0AE02459A92E004E5819 /* ManagedObjectContext.swift in Sources */,
				A2ADAA93245739E000C7EAC1 /* DurationPickerView.swift in Sources */,
			);
			runOnlyForDeploymentPostprocessing = 0;
		};
/* End PBXSourcesBuildPhase section */

/* Begin PBXTargetDependency section */
		A27EAFDF249F7DC500AF59EE /* PBXTargetDependency */ = {
			isa = PBXTargetDependency;
			target = A27EAFDB249F7DC500AF59EE /* DeepWorkTrackerWatch Extension */;
			targetProxy = A27EAFDE249F7DC500AF59EE /* PBXContainerItemProxy */;
		};
		A27EAFF3249F7DC600AF59EE /* PBXTargetDependency */ = {
			isa = PBXTargetDependency;
			target = A27EAFCF249F7DC200AF59EE /* DeepWorkTrackerWatch */;
			targetProxy = A27EAFF2249F7DC600AF59EE /* PBXContainerItemProxy */;
		};
/* End PBXTargetDependency section */

/* Begin PBXVariantGroup section */
		A27EAFD2249F7DC300AF59EE /* Interface.storyboard */ = {
			isa = PBXVariantGroup;
			children = (
				A27EAFD3249F7DC300AF59EE /* Base */,
			);
			name = Interface.storyboard;
			sourceTree = "<group>";
		};
		A2825A9124A0C37600EA4043 /* Main.storyboard */ = {
			isa = PBXVariantGroup;
			children = (
				A2825A9224A0C37600EA4043 /* Base */,
			);
			name = Main.storyboard;
			sourceTree = "<group>";
		};
		A2F9B80A2444805500E4F116 /* LaunchScreen.storyboard */ = {
			isa = PBXVariantGroup;
			children = (
				A2F9B80B2444805500E4F116 /* Base */,
			);
			name = LaunchScreen.storyboard;
			sourceTree = "<group>";
		};
/* End PBXVariantGroup section */

/* Begin XCBuildConfiguration section */
		A27EAFF6249F7DC600AF59EE /* Debug */ = {
			isa = XCBuildConfiguration;
			buildSettings = {
				ALWAYS_EMBED_SWIFT_STANDARD_LIBRARIES = YES;
				ASSETCATALOG_COMPILER_APPICON_NAME = AppIcon;
				CODE_SIGN_STYLE = Automatic;
				DEVELOPMENT_TEAM = ZKNRVN92RA;
				IBSC_MODULE = DeepWorkTrackerWatch_Extension;
				INFOPLIST_FILE = DeepWorkTrackerWatch/Info.plist;
				PRODUCT_BUNDLE_IDENTIFIER = de.philip.DeepWorkTracker.watchkitapp;
				PRODUCT_NAME = "$(TARGET_NAME)";
				SDKROOT = watchos;
				SKIP_INSTALL = YES;
				SWIFT_VERSION = 5.0;
				TARGETED_DEVICE_FAMILY = 4;
				WATCHOS_DEPLOYMENT_TARGET = 6.2;
			};
			name = Debug;
		};
		A27EAFF7249F7DC600AF59EE /* Release */ = {
			isa = XCBuildConfiguration;
			buildSettings = {
				ALWAYS_EMBED_SWIFT_STANDARD_LIBRARIES = YES;
				ASSETCATALOG_COMPILER_APPICON_NAME = AppIcon;
				CODE_SIGN_STYLE = Automatic;
				DEVELOPMENT_TEAM = ZKNRVN92RA;
				IBSC_MODULE = DeepWorkTrackerWatch_Extension;
				INFOPLIST_FILE = DeepWorkTrackerWatch/Info.plist;
				PRODUCT_BUNDLE_IDENTIFIER = de.philip.DeepWorkTracker.watchkitapp;
				PRODUCT_NAME = "$(TARGET_NAME)";
				SDKROOT = watchos;
				SKIP_INSTALL = YES;
				SWIFT_VERSION = 5.0;
				TARGETED_DEVICE_FAMILY = 4;
				WATCHOS_DEPLOYMENT_TARGET = 6.2;
			};
			name = Release;
		};
		A27EAFF9249F7DC600AF59EE /* Debug */ = {
			isa = XCBuildConfiguration;
			buildSettings = {
				ASSETCATALOG_COMPILER_COMPLICATION_NAME = Complication;
				CODE_SIGN_STYLE = Automatic;
				DEVELOPMENT_ASSET_PATHS = "\"DeepWorkTrackerWatch Extension/Preview Content\"";
				DEVELOPMENT_TEAM = 42666696DJ;
				ENABLE_PREVIEWS = YES;
				INFOPLIST_FILE = "DeepWorkTrackerWatch Extension/Info.plist";
				LD_RUNPATH_SEARCH_PATHS = (
					"$(inherited)",
					"@executable_path/Frameworks",
					"@executable_path/../../Frameworks",
				);
				PRODUCT_BUNDLE_IDENTIFIER = de.philip.DeepWorkTracker.watchkitapp.watchkitextension;
				PRODUCT_NAME = "${TARGET_NAME}";
				SDKROOT = watchos;
				SKIP_INSTALL = YES;
				SWIFT_VERSION = 5.0;
				TARGETED_DEVICE_FAMILY = 4;
				WATCHOS_DEPLOYMENT_TARGET = 6.2;
			};
			name = Debug;
		};
		A27EAFFA249F7DC600AF59EE /* Release */ = {
			isa = XCBuildConfiguration;
			buildSettings = {
				ASSETCATALOG_COMPILER_COMPLICATION_NAME = Complication;
				CODE_SIGN_STYLE = Automatic;
				DEVELOPMENT_ASSET_PATHS = "\"DeepWorkTrackerWatch Extension/Preview Content\"";
				DEVELOPMENT_TEAM = 42666696DJ;
				ENABLE_PREVIEWS = YES;
				INFOPLIST_FILE = "DeepWorkTrackerWatch Extension/Info.plist";
				LD_RUNPATH_SEARCH_PATHS = (
					"$(inherited)",
					"@executable_path/Frameworks",
					"@executable_path/../../Frameworks",
				);
				PRODUCT_BUNDLE_IDENTIFIER = de.philip.DeepWorkTracker.watchkitapp.watchkitextension;
				PRODUCT_NAME = "${TARGET_NAME}";
				SDKROOT = watchos;
				SKIP_INSTALL = YES;
				SWIFT_VERSION = 5.0;
				TARGETED_DEVICE_FAMILY = 4;
				WATCHOS_DEPLOYMENT_TARGET = 6.2;
			};
			name = Release;
		};
		A2825A9624A0C37600EA4043 /* Debug */ = {
			isa = XCBuildConfiguration;
			buildSettings = {
				ASSETCATALOG_COMPILER_APPICON_NAME = AppIcon;
				CODE_SIGN_ENTITLEMENTS = DeepWorkTrackerMac/DeepWorkTrackerMac.entitlements;
				CODE_SIGN_STYLE = Automatic;
				COMBINE_HIDPI_IMAGES = YES;
				DEVELOPMENT_ASSET_PATHS = "\"DeepWorkTrackerMac/Preview Content\"";
				DEVELOPMENT_TEAM = 42666696DJ;
				ENABLE_HARDENED_RUNTIME = YES;
				ENABLE_PREVIEWS = YES;
				INFOPLIST_FILE = DeepWorkTrackerMac/Info.plist;
				LD_RUNPATH_SEARCH_PATHS = (
					"$(inherited)",
					"@executable_path/../Frameworks",
				);
				MACOSX_DEPLOYMENT_TARGET = 10.15;
				PRODUCT_BUNDLE_IDENTIFIER = de.philip.krueck.DeepWorkTrackerMac;
				PRODUCT_NAME = "$(TARGET_NAME)";
				SDKROOT = macosx;
				SWIFT_VERSION = 5.0;
			};
			name = Debug;
		};
		A2825A9724A0C37600EA4043 /* Release */ = {
			isa = XCBuildConfiguration;
			buildSettings = {
				ASSETCATALOG_COMPILER_APPICON_NAME = AppIcon;
				CODE_SIGN_ENTITLEMENTS = DeepWorkTrackerMac/DeepWorkTrackerMac.entitlements;
				CODE_SIGN_STYLE = Automatic;
				COMBINE_HIDPI_IMAGES = YES;
				DEVELOPMENT_ASSET_PATHS = "\"DeepWorkTrackerMac/Preview Content\"";
				DEVELOPMENT_TEAM = 42666696DJ;
				ENABLE_HARDENED_RUNTIME = YES;
				ENABLE_PREVIEWS = YES;
				INFOPLIST_FILE = DeepWorkTrackerMac/Info.plist;
				LD_RUNPATH_SEARCH_PATHS = (
					"$(inherited)",
					"@executable_path/../Frameworks",
				);
				MACOSX_DEPLOYMENT_TARGET = 10.15;
				PRODUCT_BUNDLE_IDENTIFIER = de.philip.krueck.DeepWorkTrackerMac;
				PRODUCT_NAME = "$(TARGET_NAME)";
				SDKROOT = macosx;
				SWIFT_VERSION = 5.0;
			};
			name = Release;
		};
		A2F9B80E2444805500E4F116 /* Debug */ = {
			isa = XCBuildConfiguration;
			buildSettings = {
				ALWAYS_SEARCH_USER_PATHS = NO;
				CLANG_ANALYZER_NONNULL = YES;
				CLANG_ANALYZER_NUMBER_OBJECT_CONVERSION = YES_AGGRESSIVE;
				CLANG_CXX_LANGUAGE_STANDARD = "gnu++14";
				CLANG_CXX_LIBRARY = "libc++";
				CLANG_ENABLE_MODULES = YES;
				CLANG_ENABLE_OBJC_ARC = YES;
				CLANG_ENABLE_OBJC_WEAK = YES;
				CLANG_WARN_BLOCK_CAPTURE_AUTORELEASING = YES;
				CLANG_WARN_BOOL_CONVERSION = YES;
				CLANG_WARN_COMMA = YES;
				CLANG_WARN_CONSTANT_CONVERSION = YES;
				CLANG_WARN_DEPRECATED_OBJC_IMPLEMENTATIONS = YES;
				CLANG_WARN_DIRECT_OBJC_ISA_USAGE = YES_ERROR;
				CLANG_WARN_DOCUMENTATION_COMMENTS = YES;
				CLANG_WARN_EMPTY_BODY = YES;
				CLANG_WARN_ENUM_CONVERSION = YES;
				CLANG_WARN_INFINITE_RECURSION = YES;
				CLANG_WARN_INT_CONVERSION = YES;
				CLANG_WARN_NON_LITERAL_NULL_CONVERSION = YES;
				CLANG_WARN_OBJC_IMPLICIT_RETAIN_SELF = YES;
				CLANG_WARN_OBJC_LITERAL_CONVERSION = YES;
				CLANG_WARN_OBJC_ROOT_CLASS = YES_ERROR;
				CLANG_WARN_RANGE_LOOP_ANALYSIS = YES;
				CLANG_WARN_STRICT_PROTOTYPES = YES;
				CLANG_WARN_SUSPICIOUS_MOVE = YES;
				CLANG_WARN_UNGUARDED_AVAILABILITY = YES_AGGRESSIVE;
				CLANG_WARN_UNREACHABLE_CODE = YES;
				CLANG_WARN__DUPLICATE_METHOD_MATCH = YES;
				COPY_PHASE_STRIP = NO;
				DEBUG_INFORMATION_FORMAT = dwarf;
				ENABLE_STRICT_OBJC_MSGSEND = YES;
				ENABLE_TESTABILITY = YES;
				GCC_C_LANGUAGE_STANDARD = gnu11;
				GCC_DYNAMIC_NO_PIC = NO;
				GCC_NO_COMMON_BLOCKS = YES;
				GCC_OPTIMIZATION_LEVEL = 0;
				GCC_PREPROCESSOR_DEFINITIONS = (
					"DEBUG=1",
					"$(inherited)",
				);
				GCC_WARN_64_TO_32_BIT_CONVERSION = YES;
				GCC_WARN_ABOUT_RETURN_TYPE = YES_ERROR;
				GCC_WARN_UNDECLARED_SELECTOR = YES;
				GCC_WARN_UNINITIALIZED_AUTOS = YES_AGGRESSIVE;
				GCC_WARN_UNUSED_FUNCTION = YES;
				GCC_WARN_UNUSED_VARIABLE = YES;
				IPHONEOS_DEPLOYMENT_TARGET = 13.1;
				MTL_ENABLE_DEBUG_INFO = INCLUDE_SOURCE;
				MTL_FAST_MATH = YES;
				ONLY_ACTIVE_ARCH = YES;
				SDKROOT = iphoneos;
				SWIFT_ACTIVE_COMPILATION_CONDITIONS = DEBUG;
				SWIFT_OPTIMIZATION_LEVEL = "-Onone";
			};
			name = Debug;
		};
		A2F9B80F2444805500E4F116 /* Release */ = {
			isa = XCBuildConfiguration;
			buildSettings = {
				ALWAYS_SEARCH_USER_PATHS = NO;
				CLANG_ANALYZER_NONNULL = YES;
				CLANG_ANALYZER_NUMBER_OBJECT_CONVERSION = YES_AGGRESSIVE;
				CLANG_CXX_LANGUAGE_STANDARD = "gnu++14";
				CLANG_CXX_LIBRARY = "libc++";
				CLANG_ENABLE_MODULES = YES;
				CLANG_ENABLE_OBJC_ARC = YES;
				CLANG_ENABLE_OBJC_WEAK = YES;
				CLANG_WARN_BLOCK_CAPTURE_AUTORELEASING = YES;
				CLANG_WARN_BOOL_CONVERSION = YES;
				CLANG_WARN_COMMA = YES;
				CLANG_WARN_CONSTANT_CONVERSION = YES;
				CLANG_WARN_DEPRECATED_OBJC_IMPLEMENTATIONS = YES;
				CLANG_WARN_DIRECT_OBJC_ISA_USAGE = YES_ERROR;
				CLANG_WARN_DOCUMENTATION_COMMENTS = YES;
				CLANG_WARN_EMPTY_BODY = YES;
				CLANG_WARN_ENUM_CONVERSION = YES;
				CLANG_WARN_INFINITE_RECURSION = YES;
				CLANG_WARN_INT_CONVERSION = YES;
				CLANG_WARN_NON_LITERAL_NULL_CONVERSION = YES;
				CLANG_WARN_OBJC_IMPLICIT_RETAIN_SELF = YES;
				CLANG_WARN_OBJC_LITERAL_CONVERSION = YES;
				CLANG_WARN_OBJC_ROOT_CLASS = YES_ERROR;
				CLANG_WARN_RANGE_LOOP_ANALYSIS = YES;
				CLANG_WARN_STRICT_PROTOTYPES = YES;
				CLANG_WARN_SUSPICIOUS_MOVE = YES;
				CLANG_WARN_UNGUARDED_AVAILABILITY = YES_AGGRESSIVE;
				CLANG_WARN_UNREACHABLE_CODE = YES;
				CLANG_WARN__DUPLICATE_METHOD_MATCH = YES;
				COPY_PHASE_STRIP = NO;
				DEBUG_INFORMATION_FORMAT = "dwarf-with-dsym";
				ENABLE_NS_ASSERTIONS = NO;
				ENABLE_STRICT_OBJC_MSGSEND = YES;
				GCC_C_LANGUAGE_STANDARD = gnu11;
				GCC_NO_COMMON_BLOCKS = YES;
				GCC_WARN_64_TO_32_BIT_CONVERSION = YES;
				GCC_WARN_ABOUT_RETURN_TYPE = YES_ERROR;
				GCC_WARN_UNDECLARED_SELECTOR = YES;
				GCC_WARN_UNINITIALIZED_AUTOS = YES_AGGRESSIVE;
				GCC_WARN_UNUSED_FUNCTION = YES;
				GCC_WARN_UNUSED_VARIABLE = YES;
				IPHONEOS_DEPLOYMENT_TARGET = 13.1;
				MTL_ENABLE_DEBUG_INFO = NO;
				MTL_FAST_MATH = YES;
				SDKROOT = iphoneos;
				SWIFT_COMPILATION_MODE = wholemodule;
				SWIFT_OPTIMIZATION_LEVEL = "-O";
				VALIDATE_PRODUCT = YES;
			};
			name = Release;
		};
		A2F9B8112444805500E4F116 /* Debug */ = {
			isa = XCBuildConfiguration;
			buildSettings = {
				ASSETCATALOG_COMPILER_APPICON_NAME = AppIcon;
				CODE_SIGN_STYLE = Automatic;
				DEVELOPMENT_ASSET_PATHS = "\"DeepWorkTracker/Preview Content\"";
				DEVELOPMENT_TEAM = ZKNRVN92RA;
				ENABLE_PREVIEWS = YES;
				INFOPLIST_FILE = DeepWorkTracker/Info.plist;
				LD_RUNPATH_SEARCH_PATHS = (
					"$(inherited)",
					"@executable_path/Frameworks",
				);
				PRODUCT_BUNDLE_IDENTIFIER = de.philip.DeepWorkTracker;
				PRODUCT_NAME = "$(TARGET_NAME)";
				SWIFT_VERSION = 5.0;
				TARGETED_DEVICE_FAMILY = "1,2";
			};
			name = Debug;
		};
		A2F9B8122444805500E4F116 /* Release */ = {
			isa = XCBuildConfiguration;
			buildSettings = {
				ASSETCATALOG_COMPILER_APPICON_NAME = AppIcon;
				CODE_SIGN_STYLE = Automatic;
				DEVELOPMENT_ASSET_PATHS = "\"DeepWorkTracker/Preview Content\"";
				DEVELOPMENT_TEAM = ZKNRVN92RA;
				ENABLE_PREVIEWS = YES;
				INFOPLIST_FILE = DeepWorkTracker/Info.plist;
				LD_RUNPATH_SEARCH_PATHS = (
					"$(inherited)",
					"@executable_path/Frameworks",
				);
				PRODUCT_BUNDLE_IDENTIFIER = de.philip.DeepWorkTracker;
				PRODUCT_NAME = "$(TARGET_NAME)";
				SWIFT_VERSION = 5.0;
				TARGETED_DEVICE_FAMILY = "1,2";
			};
			name = Release;
		};
/* End XCBuildConfiguration section */

/* Begin XCConfigurationList section */
		A27EAFFB249F7DC600AF59EE /* Build configuration list for PBXNativeTarget "DeepWorkTrackerWatch Extension" */ = {
			isa = XCConfigurationList;
			buildConfigurations = (
				A27EAFF9249F7DC600AF59EE /* Debug */,
				A27EAFFA249F7DC600AF59EE /* Release */,
			);
			defaultConfigurationIsVisible = 0;
			defaultConfigurationName = Release;
		};
		A27EAFFC249F7DC600AF59EE /* Build configuration list for PBXNativeTarget "DeepWorkTrackerWatch" */ = {
			isa = XCConfigurationList;
			buildConfigurations = (
				A27EAFF6249F7DC600AF59EE /* Debug */,
				A27EAFF7249F7DC600AF59EE /* Release */,
			);
			defaultConfigurationIsVisible = 0;
			defaultConfigurationName = Release;
		};
		A2825A9824A0C37600EA4043 /* Build configuration list for PBXNativeTarget "DeepWorkTrackerMac" */ = {
			isa = XCConfigurationList;
			buildConfigurations = (
				A2825A9624A0C37600EA4043 /* Debug */,
				A2825A9724A0C37600EA4043 /* Release */,
			);
			defaultConfigurationIsVisible = 0;
			defaultConfigurationName = Release;
		};
		A2F9B7F72444805300E4F116 /* Build configuration list for PBXProject "DeepWorkTracker" */ = {
			isa = XCConfigurationList;
			buildConfigurations = (
				A2F9B80E2444805500E4F116 /* Debug */,
				A2F9B80F2444805500E4F116 /* Release */,
			);
			defaultConfigurationIsVisible = 0;
			defaultConfigurationName = Release;
		};
		A2F9B8102444805500E4F116 /* Build configuration list for PBXNativeTarget "DeepWorkTracker" */ = {
			isa = XCConfigurationList;
			buildConfigurations = (
				A2F9B8112444805500E4F116 /* Debug */,
				A2F9B8122444805500E4F116 /* Release */,
			);
			defaultConfigurationIsVisible = 0;
			defaultConfigurationName = Release;
		};
/* End XCConfigurationList section */

/* Begin XCSwiftPackageProductDependency section */
		A20F0E0B245821B70067CE60 /* FoundationExtensions */ = {
			isa = XCSwiftPackageProductDependency;
			productName = FoundationExtensions;
		};
		A27EB006249F7FE500AF59EE /* FoundationExtensions */ = {
			isa = XCSwiftPackageProductDependency;
			productName = FoundationExtensions;
		};
		A2825A9C24A0C45000EA4043 /* FoundationExtensions */ = {
			isa = XCSwiftPackageProductDependency;
			productName = FoundationExtensions;
		};
/* End XCSwiftPackageProductDependency section */

/* Begin XCVersionGroup section */
		A2E1F0702458A86300DE313D /* DeepWorkTracker.xcdatamodeld */ = {
			isa = XCVersionGroup;
			children = (
				A2E1F0712458A86300DE313D /* DeepWorkTracker.xcdatamodel */,
			);
			currentVersion = A2E1F0712458A86300DE313D /* DeepWorkTracker.xcdatamodel */;
			path = DeepWorkTracker.xcdatamodeld;
			sourceTree = "<group>";
			versionGroupType = wrapper.xcdatamodel;
		};
/* End XCVersionGroup section */
	};
	rootObject = A2F9B7F42444805300E4F116 /* Project object */;
}
